{
  "version": 4,
  "terraform_version": "1.3.0",
  "serial": 67,
  "lineage": "386f3e2c-cf13-c41d-702f-8c151b67b5c1",
  "outputs": {},
  "resources": [
    {
      "mode": "managed",
      "type": "azurerm_lb",
      "name": "main",
      "provider": "provider[\"registry.terraform.io/hashicorp/azurerm\"]",
      "instances": [
        {
          "schema_version": 0,
          "attributes": {
            "frontend_ip_configuration": [
              {
                "availability_zone": "No-Zone",
                "gateway_load_balancer_frontend_ip_configuration_id": "",
                "id": "/subscriptions/8659e423-a7ae-4e8f-9d43-3f63027b6e19/resourceGroups/WTResourceGroupBONUS/providers/Microsoft.Network/loadBalancers/WTloadbalancer/frontendIPConfigurations/lb-public-ip-config",
                "inbound_nat_rules": [
                  "/subscriptions/8659e423-a7ae-4e8f-9d43-3f63027b6e19/resourceGroups/WTResourceGroupBONUS/providers/Microsoft.Network/loadBalancers/WTloadbalancer/inboundNatRules/lb-nat-ssh-0",
                  "/subscriptions/8659e423-a7ae-4e8f-9d43-3f63027b6e19/resourceGroups/WTResourceGroupBONUS/providers/Microsoft.Network/loadBalancers/WTloadbalancer/inboundNatRules/lb-nat-ssh-1",
                  "/subscriptions/8659e423-a7ae-4e8f-9d43-3f63027b6e19/resourceGroups/WTResourceGroupBONUS/providers/Microsoft.Network/loadBalancers/WTloadbalancer/inboundNatRules/lb-nat-ssh-2"
                ],
                "load_balancer_rules": [
                  "/subscriptions/8659e423-a7ae-4e8f-9d43-3f63027b6e19/resourceGroups/WTResourceGroupBONUS/providers/Microsoft.Network/loadBalancers/WTloadbalancer/loadBalancingRules/WTloadbalancer-rule"
                ],
                "name": "lb-public-ip-config",
                "outbound_rules": [],
                "private_ip_address": "",
                "private_ip_address_allocation": "Dynamic",
                "private_ip_address_version": "",
                "public_ip_address_id": "/subscriptions/8659e423-a7ae-4e8f-9d43-3f63027b6e19/resourceGroups/WTResourceGroupBONUS/providers/Microsoft.Network/publicIPAddresses/publicIPForLB",
                "public_ip_prefix_id": "",
                "subnet_id": "",
                "zones": []
              }
            ],
            "id": "/subscriptions/8659e423-a7ae-4e8f-9d43-3f63027b6e19/resourceGroups/WTResourceGroupBONUS/providers/Microsoft.Network/loadBalancers/WTloadbalancer",
            "location": "centralindia",
            "name": "WTloadbalancer",
            "private_ip_address": "",
            "private_ip_addresses": [],
            "resource_group_name": "WTResourceGroupBONUS",
            "sku": "Basic",
            "sku_tier": "Regional",
            "tags": {},
            "timeouts": null
          },
          "sensitive_attributes": [],
          "private": "eyJlMmJmYjczMC1lY2FhLTExZTYtOGY4OC0zNDM2M2JjN2M0YzAiOnsiY3JlYXRlIjoxODAwMDAwMDAwMDAwLCJkZWxldGUiOjE4MDAwMDAwMDAwMDAsInJlYWQiOjMwMDAwMDAwMDAwMCwidXBkYXRlIjoxODAwMDAwMDAwMDAwfX0=",
          "dependencies": [
            "azurerm_public_ip.test",
            "azurerm_resource_group.example"
          ]
        }
      ]
    },
    {
      "mode": "managed",
      "type": "azurerm_lb_backend_address_pool",
      "name": "scalesetpool",
      "provider": "provider[\"registry.terraform.io/hashicorp/azurerm\"]",
      "instances": [
        {
          "schema_version": 0,
          "attributes": {
            "backend_address": [],
            "backend_ip_configurations": [],
            "id": "/subscriptions/8659e423-a7ae-4e8f-9d43-3f63027b6e19/resourceGroups/WTResourceGroupBONUS/providers/Microsoft.Network/loadBalancers/WTloadbalancer/backendAddressPools/scalesetpool",
            "load_balancing_rules": [
              "/subscriptions/8659e423-a7ae-4e8f-9d43-3f63027b6e19/resourceGroups/WTResourceGroupBONUS/providers/Microsoft.Network/loadBalancers/WTloadbalancer/loadBalancingRules/WTloadbalancer-rule"
            ],
            "loadbalancer_id": "/subscriptions/8659e423-a7ae-4e8f-9d43-3f63027b6e19/resourceGroups/WTResourceGroupBONUS/providers/Microsoft.Network/loadBalancers/WTloadbalancer",
            "name": "scalesetpool",
            "outbound_rules": [],
            "resource_group_name": "WTResourceGroupBONUS",
            "timeouts": null,
            "tunnel_interface": []
          },
          "sensitive_attributes": [],
          "private": "eyJlMmJmYjczMC1lY2FhLTExZTYtOGY4OC0zNDM2M2JjN2M0YzAiOnsiY3JlYXRlIjoxODAwMDAwMDAwMDAwLCJkZWxldGUiOjE4MDAwMDAwMDAwMDAsInJlYWQiOjMwMDAwMDAwMDAwMCwidXBkYXRlIjoxODAwMDAwMDAwMDAwfX0=",
          "dependencies": [
            "azurerm_lb.main",
            "azurerm_public_ip.test",
            "azurerm_resource_group.example"
          ]
        }
      ]
    },
    {
      "mode": "managed",
      "type": "azurerm_lb_probe",
      "name": "main",
      "provider": "provider[\"registry.terraform.io/hashicorp/azurerm\"]",
      "instances": [
        {
          "schema_version": 0,
          "attributes": {
            "id": "/subscriptions/8659e423-a7ae-4e8f-9d43-3f63027b6e19/resourceGroups/WTResourceGroupBONUS/providers/Microsoft.Network/loadBalancers/WTloadbalancer/probes/WTloadbalancer-health-probe",
            "interval_in_seconds": 15,
            "load_balancer_rules": [
              "/subscriptions/8659e423-a7ae-4e8f-9d43-3f63027b6e19/resourceGroups/WTResourceGroupBONUS/providers/Microsoft.Network/loadBalancers/WTloadbalancer/loadBalancingRules/WTloadbalancer-rule"
            ],
            "loadbalancer_id": "/subscriptions/8659e423-a7ae-4e8f-9d43-3f63027b6e19/resourceGroups/WTResourceGroupBONUS/providers/Microsoft.Network/loadBalancers/WTloadbalancer",
            "name": "WTloadbalancer-health-probe",
            "number_of_probes": 2,
            "port": 8080,
            "protocol": "Tcp",
            "request_path": "",
            "resource_group_name": "WTResourceGroupBONUS",
            "timeouts": null
          },
          "sensitive_attributes": [],
          "private": "eyJlMmJmYjczMC1lY2FhLTExZTYtOGY4OC0zNDM2M2JjN2M0YzAiOnsiY3JlYXRlIjoxODAwMDAwMDAwMDAwLCJkZWxldGUiOjE4MDAwMDAwMDAwMDAsInJlYWQiOjMwMDAwMDAwMDAwMCwidXBkYXRlIjoxODAwMDAwMDAwMDAwfX0=",
          "dependencies": [
            "azurerm_lb.main",
            "azurerm_public_ip.test",
            "azurerm_resource_group.example"
          ]
        }
      ]
    },
    {
      "mode": "managed",
      "type": "azurerm_lb_rule",
      "name": "main",
      "provider": "provider[\"registry.terraform.io/hashicorp/azurerm\"]",
      "instances": [
        {
          "schema_version": 0,
          "attributes": {
            "backend_address_pool_id": "/subscriptions/8659e423-a7ae-4e8f-9d43-3f63027b6e19/resourceGroups/WTResourceGroupBONUS/providers/Microsoft.Network/loadBalancers/WTloadbalancer/backendAddressPools/scalesetpool",
            "backend_address_pool_ids": [
              "/subscriptions/8659e423-a7ae-4e8f-9d43-3f63027b6e19/resourceGroups/WTResourceGroupBONUS/providers/Microsoft.Network/loadBalancers/WTloadbalancer/backendAddressPools/scalesetpool"
            ],
            "backend_port": 8080,
            "disable_outbound_snat": false,
            "enable_floating_ip": false,
            "enable_tcp_reset": false,
            "frontend_ip_configuration_id": "/subscriptions/8659e423-a7ae-4e8f-9d43-3f63027b6e19/resourceGroups/WTResourceGroupBONUS/providers/Microsoft.Network/loadBalancers/WTloadbalancer/frontendIPConfigurations/lb-public-ip-config",
            "frontend_ip_configuration_name": "lb-public-ip-config",
            "frontend_port": 8080,
            "id": "/subscriptions/8659e423-a7ae-4e8f-9d43-3f63027b6e19/resourceGroups/WTResourceGroupBONUS/providers/Microsoft.Network/loadBalancers/WTloadbalancer/loadBalancingRules/WTloadbalancer-rule",
            "idle_timeout_in_minutes": 4,
            "load_distribution": "Default",
            "loadbalancer_id": "/subscriptions/8659e423-a7ae-4e8f-9d43-3f63027b6e19/resourceGroups/WTResourceGroupBONUS/providers/Microsoft.Network/loadBalancers/WTloadbalancer",
            "name": "WTloadbalancer-rule",
            "probe_id": "/subscriptions/8659e423-a7ae-4e8f-9d43-3f63027b6e19/resourceGroups/WTResourceGroupBONUS/providers/Microsoft.Network/loadBalancers/WTloadbalancer/probes/WTloadbalancer-health-probe",
            "protocol": "Tcp",
            "resource_group_name": "WTResourceGroupBONUS",
            "timeouts": null
          },
          "sensitive_attributes": [],
          "private": "eyJlMmJmYjczMC1lY2FhLTExZTYtOGY4OC0zNDM2M2JjN2M0YzAiOnsiY3JlYXRlIjoxODAwMDAwMDAwMDAwLCJkZWxldGUiOjE4MDAwMDAwMDAwMDAsInJlYWQiOjMwMDAwMDAwMDAwMCwidXBkYXRlIjoxODAwMDAwMDAwMDAwfX0=",
          "dependencies": [
            "azurerm_lb.main",
            "azurerm_lb_backend_address_pool.scalesetpool",
            "azurerm_lb_probe.main",
            "azurerm_public_ip.test",
            "azurerm_resource_group.example"
          ]
        }
      ]
    },
    {
      "mode": "managed",
      "type": "azurerm_public_ip",
      "name": "test",
      "provider": "provider[\"registry.terraform.io/hashicorp/azurerm\"]",
      "instances": [
        {
          "schema_version": 0,
          "attributes": {
            "allocation_method": "Static",
            "availability_zone": "No-Zone",
            "domain_name_label": null,
            "fqdn": null,
            "id": "/subscriptions/8659e423-a7ae-4e8f-9d43-3f63027b6e19/resourceGroups/WTResourceGroupBONUS/providers/Microsoft.Network/publicIPAddresses/publicIPForLB",
            "idle_timeout_in_minutes": 4,
            "ip_address": "4.240.123.29",
            "ip_tags": {},
            "ip_version": "IPv4",
            "location": "centralindia",
            "name": "publicIPForLB",
            "public_ip_prefix_id": null,
            "resource_group_name": "WTResourceGroupBONUS",
            "reverse_fqdn": null,
            "sku": "Basic",
            "sku_tier": "Regional",
            "tags": {},
            "timeouts": null,
            "zones": []
          },
          "sensitive_attributes": [],
          "private": "eyJlMmJmYjczMC1lY2FhLTExZTYtOGY4OC0zNDM2M2JjN2M0YzAiOnsiY3JlYXRlIjoxODAwMDAwMDAwMDAwLCJkZWxldGUiOjE4MDAwMDAwMDAwMDAsInJlYWQiOjMwMDAwMDAwMDAwMCwidXBkYXRlIjoxODAwMDAwMDAwMDAwfX0=",
          "dependencies": [
            "azurerm_resource_group.example"
          ]
        }
      ]
    },
    {
      "mode": "managed",
      "type": "azurerm_resource_group",
      "name": "example",
      "provider": "provider[\"registry.terraform.io/hashicorp/azurerm\"]",
      "instances": [
        {
          "schema_version": 0,
          "attributes": {
            "id": "/subscriptions/8659e423-a7ae-4e8f-9d43-3f63027b6e19/resourceGroups/WTResourceGroupBONUS",
            "location": "centralindia",
            "name": "WTResourceGroupBONUS",
            "tags": {},
            "timeouts": null
          },
          "sensitive_attributes": [],
          "private": "eyJlMmJmYjczMC1lY2FhLTExZTYtOGY4OC0zNDM2M2JjN2M0YzAiOnsiY3JlYXRlIjo1NDAwMDAwMDAwMDAwLCJkZWxldGUiOjU0MDAwMDAwMDAwMDAsInJlYWQiOjMwMDAwMDAwMDAwMCwidXBkYXRlIjo1NDAwMDAwMDAwMDAwfX0="
        }
      ]
    }
  ],
  "check_results": []
}
