{
  "version": 4,
  "terraform_version": "1.3.0",
  "serial": 106,
  "lineage": "386f3e2c-cf13-c41d-702f-8c151b67b5c1",
  "outputs": {
    "resource_group_name": {
      "value": "WTResourceGroupBONUS",
      "type": "string"
    },
    "vm_password": {
      "value": "Sela@123",
      "type": "string",
      "sensitive": true
    },
    "vm_username": {
      "value": "deepalig",
      "type": "string",
      "sensitive": true
    }
  },
  "resources": [
    {
      "mode": "managed",
      "type": "azurerm_lb",
      "name": "main",
      "provider": "provider[\"registry.terraform.io/hashicorp/azurerm\"]",
      "instances": [
        {
          "schema_version": 0,
          "attributes": {
            "frontend_ip_configuration": [
              {
                "availability_zone": "No-Zone",
                "gateway_load_balancer_frontend_ip_configuration_id": "",
                "id": "/subscriptions/8659e423-a7ae-4e8f-9d43-3f63027b6e19/resourceGroups/WTResourceGroupBONUS/providers/Microsoft.Network/loadBalancers/WTloadbalancer/frontendIPConfigurations/lb-public-ip-config",
                "inbound_nat_rules": [],
                "load_balancer_rules": [],
                "name": "lb-public-ip-config",
                "outbound_rules": [],
                "private_ip_address": "",
                "private_ip_address_allocation": "Dynamic",
                "private_ip_address_version": "",
                "public_ip_address_id": "/subscriptions/8659e423-a7ae-4e8f-9d43-3f63027b6e19/resourceGroups/WTResourceGroupBONUS/providers/Microsoft.Network/publicIPAddresses/publicIPForLB",
                "public_ip_prefix_id": "",
                "subnet_id": "",
                "zones": []
              }
            ],
            "id": "/subscriptions/8659e423-a7ae-4e8f-9d43-3f63027b6e19/resourceGroups/WTResourceGroupBONUS/providers/Microsoft.Network/loadBalancers/WTloadbalancer",
            "location": "centralindia",
            "name": "WTloadbalancer",
            "private_ip_address": "",
            "private_ip_addresses": [],
            "resource_group_name": "WTResourceGroupBONUS",
            "sku": "Basic",
            "sku_tier": "Regional",
            "tags": null,
            "timeouts": null
          },
          "sensitive_attributes": [],
          "private": "eyJlMmJmYjczMC1lY2FhLTExZTYtOGY4OC0zNDM2M2JjN2M0YzAiOnsiY3JlYXRlIjoxODAwMDAwMDAwMDAwLCJkZWxldGUiOjE4MDAwMDAwMDAwMDAsInJlYWQiOjMwMDAwMDAwMDAwMCwidXBkYXRlIjoxODAwMDAwMDAwMDAwfX0=",
          "dependencies": [
            "azurerm_public_ip.test",
            "azurerm_resource_group.example"
          ]
        }
      ]
    },
    {
      "mode": "managed",
      "type": "azurerm_lb_backend_address_pool",
      "name": "main",
      "provider": "provider[\"registry.terraform.io/hashicorp/azurerm\"]",
      "instances": [
        {
          "schema_version": 0,
          "attributes": {
            "backend_address": [],
            "backend_ip_configurations": [],
            "id": "/subscriptions/8659e423-a7ae-4e8f-9d43-3f63027b6e19/resourceGroups/WTResourceGroupBONUS/providers/Microsoft.Network/loadBalancers/WTloadbalancer/backendAddressPools/WTloadbalancer-bepool",
            "load_balancing_rules": [],
            "loadbalancer_id": "/subscriptions/8659e423-a7ae-4e8f-9d43-3f63027b6e19/resourceGroups/WTResourceGroupBONUS/providers/Microsoft.Network/loadBalancers/WTloadbalancer",
            "name": "WTloadbalancer-bepool",
            "outbound_rules": [],
            "resource_group_name": "WTResourceGroupBONUS",
            "timeouts": null,
            "tunnel_interface": []
          },
          "sensitive_attributes": [],
          "private": "eyJlMmJmYjczMC1lY2FhLTExZTYtOGY4OC0zNDM2M2JjN2M0YzAiOnsiY3JlYXRlIjoxODAwMDAwMDAwMDAwLCJkZWxldGUiOjE4MDAwMDAwMDAwMDAsInJlYWQiOjMwMDAwMDAwMDAwMCwidXBkYXRlIjoxODAwMDAwMDAwMDAwfX0=",
          "dependencies": [
            "azurerm_lb.main",
            "azurerm_public_ip.test",
            "azurerm_resource_group.example"
          ]
        }
      ]
    },
    {
      "mode": "managed",
      "type": "azurerm_lb_backend_address_pool",
      "name": "scalesetpool",
      "provider": "provider[\"registry.terraform.io/hashicorp/azurerm\"]",
      "instances": [
        {
          "schema_version": 0,
          "attributes": {
            "backend_address": [],
            "backend_ip_configurations": [],
            "id": "/subscriptions/8659e423-a7ae-4e8f-9d43-3f63027b6e19/resourceGroups/WTResourceGroupBONUS/providers/Microsoft.Network/loadBalancers/WTloadbalancer/backendAddressPools/scalesetpool",
            "load_balancing_rules": [],
            "loadbalancer_id": "/subscriptions/8659e423-a7ae-4e8f-9d43-3f63027b6e19/resourceGroups/WTResourceGroupBONUS/providers/Microsoft.Network/loadBalancers/WTloadbalancer",
            "name": "scalesetpool",
            "outbound_rules": [],
            "resource_group_name": "WTResourceGroupBONUS",
            "timeouts": null,
            "tunnel_interface": []
          },
          "sensitive_attributes": [],
          "private": "eyJlMmJmYjczMC1lY2FhLTExZTYtOGY4OC0zNDM2M2JjN2M0YzAiOnsiY3JlYXRlIjoxODAwMDAwMDAwMDAwLCJkZWxldGUiOjE4MDAwMDAwMDAwMDAsInJlYWQiOjMwMDAwMDAwMDAwMCwidXBkYXRlIjoxODAwMDAwMDAwMDAwfX0=",
          "dependencies": [
            "azurerm_lb.main",
            "azurerm_public_ip.test",
            "azurerm_resource_group.example"
          ]
        }
      ]
    },
    {
      "mode": "managed",
      "type": "azurerm_lb_nat_pool",
      "name": "lbnatpoolssh",
      "provider": "provider[\"registry.terraform.io/hashicorp/azurerm\"]",
      "instances": [
        {
          "schema_version": 0,
          "attributes": {
            "backend_port": 22,
            "floating_ip_enabled": false,
            "frontend_ip_configuration_id": "/subscriptions/8659e423-a7ae-4e8f-9d43-3f63027b6e19/resourceGroups/WTResourceGroupBONUS/providers/Microsoft.Network/loadBalancers/WTloadbalancer/frontendIPConfigurations/lb-public-ip-config",
            "frontend_ip_configuration_name": "lb-public-ip-config",
            "frontend_port_end": 202,
            "frontend_port_start": 200,
            "id": "/subscriptions/8659e423-a7ae-4e8f-9d43-3f63027b6e19/resourceGroups/WTResourceGroupBONUS/providers/Microsoft.Network/loadBalancers/WTloadbalancer/inboundNatPools/ssh",
            "idle_timeout_in_minutes": 4,
            "loadbalancer_id": "/subscriptions/8659e423-a7ae-4e8f-9d43-3f63027b6e19/resourceGroups/WTResourceGroupBONUS/providers/Microsoft.Network/loadBalancers/WTloadbalancer",
            "name": "ssh",
            "protocol": "Tcp",
            "resource_group_name": "WTResourceGroupBONUS",
            "tcp_reset_enabled": false,
            "timeouts": null
          },
          "sensitive_attributes": [],
          "private": "eyJlMmJmYjczMC1lY2FhLTExZTYtOGY4OC0zNDM2M2JjN2M0YzAiOnsiY3JlYXRlIjoxODAwMDAwMDAwMDAwLCJkZWxldGUiOjE4MDAwMDAwMDAwMDAsInJlYWQiOjMwMDAwMDAwMDAwMCwidXBkYXRlIjoxODAwMDAwMDAwMDAwfX0=",
          "dependencies": [
            "azurerm_lb.main",
            "azurerm_public_ip.test",
            "azurerm_resource_group.example"
          ]
        }
      ]
    },
    {
      "mode": "managed",
      "type": "azurerm_lb_nat_rule",
      "name": "main",
      "provider": "provider[\"registry.terraform.io/hashicorp/azurerm\"]",
      "instances": [
        {
          "index_key": 0,
          "schema_version": 0,
          "attributes": {
            "backend_ip_configuration_id": "",
            "backend_port": 22,
            "enable_floating_ip": false,
            "enable_tcp_reset": false,
            "frontend_ip_configuration_id": "/subscriptions/8659e423-a7ae-4e8f-9d43-3f63027b6e19/resourceGroups/WTResourceGroupBONUS/providers/Microsoft.Network/loadBalancers/WTloadbalancer/frontendIPConfigurations/lb-public-ip-config",
            "frontend_ip_configuration_name": "lb-public-ip-config",
            "frontend_port": 210,
            "id": "/subscriptions/8659e423-a7ae-4e8f-9d43-3f63027b6e19/resourceGroups/WTResourceGroupBONUS/providers/Microsoft.Network/loadBalancers/WTloadbalancer/inboundNatRules/lb-nat-ssh-0",
            "idle_timeout_in_minutes": 4,
            "loadbalancer_id": "/subscriptions/8659e423-a7ae-4e8f-9d43-3f63027b6e19/resourceGroups/WTResourceGroupBONUS/providers/Microsoft.Network/loadBalancers/WTloadbalancer",
            "name": "lb-nat-ssh-0",
            "protocol": "Tcp",
            "resource_group_name": "WTResourceGroupBONUS",
            "timeouts": null
          },
          "sensitive_attributes": [],
          "private": "eyJlMmJmYjczMC1lY2FhLTExZTYtOGY4OC0zNDM2M2JjN2M0YzAiOnsiY3JlYXRlIjoxODAwMDAwMDAwMDAwLCJkZWxldGUiOjE4MDAwMDAwMDAwMDAsInJlYWQiOjMwMDAwMDAwMDAwMCwidXBkYXRlIjoxODAwMDAwMDAwMDAwfX0=",
          "dependencies": [
            "azurerm_lb.main",
            "azurerm_public_ip.test",
            "azurerm_resource_group.example"
          ]
        },
        {
          "index_key": 1,
          "schema_version": 0,
          "attributes": {
            "backend_ip_configuration_id": "",
            "backend_port": 22,
            "enable_floating_ip": false,
            "enable_tcp_reset": false,
            "frontend_ip_configuration_id": "/subscriptions/8659e423-a7ae-4e8f-9d43-3f63027b6e19/resourceGroups/WTResourceGroupBONUS/providers/Microsoft.Network/loadBalancers/WTloadbalancer/frontendIPConfigurations/lb-public-ip-config",
            "frontend_ip_configuration_name": "lb-public-ip-config",
            "frontend_port": 211,
            "id": "/subscriptions/8659e423-a7ae-4e8f-9d43-3f63027b6e19/resourceGroups/WTResourceGroupBONUS/providers/Microsoft.Network/loadBalancers/WTloadbalancer/inboundNatRules/lb-nat-ssh-1",
            "idle_timeout_in_minutes": 4,
            "loadbalancer_id": "/subscriptions/8659e423-a7ae-4e8f-9d43-3f63027b6e19/resourceGroups/WTResourceGroupBONUS/providers/Microsoft.Network/loadBalancers/WTloadbalancer",
            "name": "lb-nat-ssh-1",
            "protocol": "Tcp",
            "resource_group_name": "WTResourceGroupBONUS",
            "timeouts": null
          },
          "sensitive_attributes": [],
          "private": "eyJlMmJmYjczMC1lY2FhLTExZTYtOGY4OC0zNDM2M2JjN2M0YzAiOnsiY3JlYXRlIjoxODAwMDAwMDAwMDAwLCJkZWxldGUiOjE4MDAwMDAwMDAwMDAsInJlYWQiOjMwMDAwMDAwMDAwMCwidXBkYXRlIjoxODAwMDAwMDAwMDAwfX0=",
          "dependencies": [
            "azurerm_lb.main",
            "azurerm_public_ip.test",
            "azurerm_resource_group.example"
          ]
        },
        {
          "index_key": 2,
          "schema_version": 0,
          "attributes": {
            "backend_ip_configuration_id": "",
            "backend_port": 22,
            "enable_floating_ip": false,
            "enable_tcp_reset": false,
            "frontend_ip_configuration_id": "/subscriptions/8659e423-a7ae-4e8f-9d43-3f63027b6e19/resourceGroups/WTResourceGroupBONUS/providers/Microsoft.Network/loadBalancers/WTloadbalancer/frontendIPConfigurations/lb-public-ip-config",
            "frontend_ip_configuration_name": "lb-public-ip-config",
            "frontend_port": 212,
            "id": "/subscriptions/8659e423-a7ae-4e8f-9d43-3f63027b6e19/resourceGroups/WTResourceGroupBONUS/providers/Microsoft.Network/loadBalancers/WTloadbalancer/inboundNatRules/lb-nat-ssh-2",
            "idle_timeout_in_minutes": 4,
            "loadbalancer_id": "/subscriptions/8659e423-a7ae-4e8f-9d43-3f63027b6e19/resourceGroups/WTResourceGroupBONUS/providers/Microsoft.Network/loadBalancers/WTloadbalancer",
            "name": "lb-nat-ssh-2",
            "protocol": "Tcp",
            "resource_group_name": "WTResourceGroupBONUS",
            "timeouts": null
          },
          "sensitive_attributes": [],
          "private": "eyJlMmJmYjczMC1lY2FhLTExZTYtOGY4OC0zNDM2M2JjN2M0YzAiOnsiY3JlYXRlIjoxODAwMDAwMDAwMDAwLCJkZWxldGUiOjE4MDAwMDAwMDAwMDAsInJlYWQiOjMwMDAwMDAwMDAwMCwidXBkYXRlIjoxODAwMDAwMDAwMDAwfX0=",
          "dependencies": [
            "azurerm_lb.main",
            "azurerm_public_ip.test",
            "azurerm_resource_group.example"
          ]
        }
      ]
    },
    {
      "mode": "managed",
      "type": "azurerm_lb_probe",
      "name": "main",
      "provider": "provider[\"registry.terraform.io/hashicorp/azurerm\"]",
      "instances": [
        {
          "schema_version": 0,
          "attributes": {
            "id": "/subscriptions/8659e423-a7ae-4e8f-9d43-3f63027b6e19/resourceGroups/WTResourceGroupBONUS/providers/Microsoft.Network/loadBalancers/WTloadbalancer/probes/WTloadbalancer-health-probe",
            "interval_in_seconds": 15,
            "load_balancer_rules": [],
            "loadbalancer_id": "/subscriptions/8659e423-a7ae-4e8f-9d43-3f63027b6e19/resourceGroups/WTResourceGroupBONUS/providers/Microsoft.Network/loadBalancers/WTloadbalancer",
            "name": "WTloadbalancer-health-probe",
            "number_of_probes": 2,
            "port": 8080,
            "protocol": "Tcp",
            "request_path": "",
            "resource_group_name": "WTResourceGroupBONUS",
            "timeouts": null
          },
          "sensitive_attributes": [],
          "private": "eyJlMmJmYjczMC1lY2FhLTExZTYtOGY4OC0zNDM2M2JjN2M0YzAiOnsiY3JlYXRlIjoxODAwMDAwMDAwMDAwLCJkZWxldGUiOjE4MDAwMDAwMDAwMDAsInJlYWQiOjMwMDAwMDAwMDAwMCwidXBkYXRlIjoxODAwMDAwMDAwMDAwfX0=",
          "dependencies": [
            "azurerm_lb.main",
            "azurerm_public_ip.test",
            "azurerm_resource_group.example"
          ]
        }
      ]
    },
    {
      "mode": "managed",
      "type": "azurerm_lb_rule",
      "name": "main",
      "provider": "provider[\"registry.terraform.io/hashicorp/azurerm\"]",
      "instances": [
        {
          "schema_version": 0,
          "attributes": {
            "backend_address_pool_id": "/subscriptions/8659e423-a7ae-4e8f-9d43-3f63027b6e19/resourceGroups/WTResourceGroupBONUS/providers/Microsoft.Network/loadBalancers/WTloadbalancer/backendAddressPools/scalesetpool",
            "backend_address_pool_ids": [
              "/subscriptions/8659e423-a7ae-4e8f-9d43-3f63027b6e19/resourceGroups/WTResourceGroupBONUS/providers/Microsoft.Network/loadBalancers/WTloadbalancer/backendAddressPools/scalesetpool"
            ],
            "backend_port": 8080,
            "disable_outbound_snat": false,
            "enable_floating_ip": false,
            "enable_tcp_reset": false,
            "frontend_ip_configuration_id": "/subscriptions/8659e423-a7ae-4e8f-9d43-3f63027b6e19/resourceGroups/WTResourceGroupBONUS/providers/Microsoft.Network/loadBalancers/WTloadbalancer/frontendIPConfigurations/lb-public-ip-config",
            "frontend_ip_configuration_name": "lb-public-ip-config",
            "frontend_port": 8080,
            "id": "/subscriptions/8659e423-a7ae-4e8f-9d43-3f63027b6e19/resourceGroups/WTResourceGroupBONUS/providers/Microsoft.Network/loadBalancers/WTloadbalancer/loadBalancingRules/WTloadbalancer-rule",
            "idle_timeout_in_minutes": 4,
            "load_distribution": "Default",
            "loadbalancer_id": "/subscriptions/8659e423-a7ae-4e8f-9d43-3f63027b6e19/resourceGroups/WTResourceGroupBONUS/providers/Microsoft.Network/loadBalancers/WTloadbalancer",
            "name": "WTloadbalancer-rule",
            "probe_id": "/subscriptions/8659e423-a7ae-4e8f-9d43-3f63027b6e19/resourceGroups/WTResourceGroupBONUS/providers/Microsoft.Network/loadBalancers/WTloadbalancer/probes/WTloadbalancer-health-probe",
            "protocol": "Tcp",
            "resource_group_name": "WTResourceGroupBONUS",
            "timeouts": null
          },
          "sensitive_attributes": [],
          "private": "eyJlMmJmYjczMC1lY2FhLTExZTYtOGY4OC0zNDM2M2JjN2M0YzAiOnsiY3JlYXRlIjoxODAwMDAwMDAwMDAwLCJkZWxldGUiOjE4MDAwMDAwMDAwMDAsInJlYWQiOjMwMDAwMDAwMDAwMCwidXBkYXRlIjoxODAwMDAwMDAwMDAwfX0=",
          "dependencies": [
            "azurerm_lb.main",
            "azurerm_lb_backend_address_pool.scalesetpool",
            "azurerm_lb_probe.main",
            "azurerm_public_ip.test",
            "azurerm_resource_group.example"
          ]
        }
      ]
    },
    {
      "mode": "managed",
      "type": "azurerm_managed_disk",
      "name": "test",
      "provider": "provider[\"registry.terraform.io/hashicorp/azurerm\"]",
      "instances": [
        {
          "index_key": 0,
          "schema_version": 0,
          "attributes": {
            "create_option": "Empty",
            "disk_access_id": "",
            "disk_encryption_set_id": "",
            "disk_iops_read_only": 0,
            "disk_iops_read_write": 500,
            "disk_mbps_read_only": 0,
            "disk_mbps_read_write": 60,
            "disk_size_gb": 1023,
            "encryption_settings": [],
            "gallery_image_reference_id": "",
            "hyper_v_generation": "",
            "id": "/subscriptions/8659e423-a7ae-4e8f-9d43-3f63027b6e19/resourceGroups/WTResourceGroupBONUS/providers/Microsoft.Compute/disks/datadisk_existing1_0",
            "image_reference_id": "",
            "location": "centralindia",
            "logical_sector_size": null,
            "max_shares": 0,
            "name": "datadisk_existing1_0",
            "network_access_policy": null,
            "on_demand_bursting_enabled": false,
            "os_type": "",
            "public_network_access_enabled": true,
            "resource_group_name": "WTResourceGroupBONUS",
            "source_resource_id": "",
            "source_uri": "",
            "storage_account_id": "",
            "storage_account_type": "Standard_LRS",
            "tags": null,
            "tier": "",
            "timeouts": null,
            "trusted_launch_enabled": false,
            "zones": null
          },
          "sensitive_attributes": [],
          "private": "eyJlMmJmYjczMC1lY2FhLTExZTYtOGY4OC0zNDM2M2JjN2M0YzAiOnsiY3JlYXRlIjoxODAwMDAwMDAwMDAwLCJkZWxldGUiOjE4MDAwMDAwMDAwMDAsInJlYWQiOjMwMDAwMDAwMDAwMCwidXBkYXRlIjoxODAwMDAwMDAwMDAwfX0=",
          "dependencies": [
            "azurerm_resource_group.example"
          ]
        },
        {
          "index_key": 1,
          "schema_version": 0,
          "attributes": {
            "create_option": "Empty",
            "disk_access_id": "",
            "disk_encryption_set_id": "",
            "disk_iops_read_only": 0,
            "disk_iops_read_write": 500,
            "disk_mbps_read_only": 0,
            "disk_mbps_read_write": 60,
            "disk_size_gb": 1023,
            "encryption_settings": [],
            "gallery_image_reference_id": "",
            "hyper_v_generation": "",
            "id": "/subscriptions/8659e423-a7ae-4e8f-9d43-3f63027b6e19/resourceGroups/WTResourceGroupBONUS/providers/Microsoft.Compute/disks/datadisk_existing1_1",
            "image_reference_id": "",
            "location": "centralindia",
            "logical_sector_size": null,
            "max_shares": 0,
            "name": "datadisk_existing1_1",
            "network_access_policy": null,
            "on_demand_bursting_enabled": false,
            "os_type": "",
            "public_network_access_enabled": true,
            "resource_group_name": "WTResourceGroupBONUS",
            "source_resource_id": "",
            "source_uri": "",
            "storage_account_id": "",
            "storage_account_type": "Standard_LRS",
            "tags": null,
            "tier": "",
            "timeouts": null,
            "trusted_launch_enabled": false,
            "zones": null
          },
          "sensitive_attributes": [],
          "private": "eyJlMmJmYjczMC1lY2FhLTExZTYtOGY4OC0zNDM2M2JjN2M0YzAiOnsiY3JlYXRlIjoxODAwMDAwMDAwMDAwLCJkZWxldGUiOjE4MDAwMDAwMDAwMDAsInJlYWQiOjMwMDAwMDAwMDAwMCwidXBkYXRlIjoxODAwMDAwMDAwMDAwfX0=",
          "dependencies": [
            "azurerm_resource_group.example"
          ]
        },
        {
          "index_key": 2,
          "schema_version": 0,
          "attributes": {
            "create_option": "Empty",
            "disk_access_id": "",
            "disk_encryption_set_id": "",
            "disk_iops_read_only": 0,
            "disk_iops_read_write": 500,
            "disk_mbps_read_only": 0,
            "disk_mbps_read_write": 60,
            "disk_size_gb": 1023,
            "encryption_settings": [],
            "gallery_image_reference_id": "",
            "hyper_v_generation": "",
            "id": "/subscriptions/8659e423-a7ae-4e8f-9d43-3f63027b6e19/resourceGroups/WTResourceGroupBONUS/providers/Microsoft.Compute/disks/datadisk_existing1_2",
            "image_reference_id": "",
            "location": "centralindia",
            "logical_sector_size": null,
            "max_shares": 0,
            "name": "datadisk_existing1_2",
            "network_access_policy": null,
            "on_demand_bursting_enabled": false,
            "os_type": "",
            "public_network_access_enabled": true,
            "resource_group_name": "WTResourceGroupBONUS",
            "source_resource_id": "",
            "source_uri": "",
            "storage_account_id": "",
            "storage_account_type": "Standard_LRS",
            "tags": null,
            "tier": "",
            "timeouts": null,
            "trusted_launch_enabled": false,
            "zones": null
          },
          "sensitive_attributes": [],
          "private": "eyJlMmJmYjczMC1lY2FhLTExZTYtOGY4OC0zNDM2M2JjN2M0YzAiOnsiY3JlYXRlIjoxODAwMDAwMDAwMDAwLCJkZWxldGUiOjE4MDAwMDAwMDAwMDAsInJlYWQiOjMwMDAwMDAwMDAwMCwidXBkYXRlIjoxODAwMDAwMDAwMDAwfX0=",
          "dependencies": [
            "azurerm_resource_group.example"
          ]
        }
      ]
    },
    {
      "mode": "managed",
      "type": "azurerm_managed_disk",
      "name": "test2",
      "provider": "provider[\"registry.terraform.io/hashicorp/azurerm\"]",
      "instances": [
        {
          "index_key": 0,
          "schema_version": 0,
          "attributes": {
            "create_option": "Empty",
            "disk_access_id": "",
            "disk_encryption_set_id": "",
            "disk_iops_read_only": 0,
            "disk_iops_read_write": 500,
            "disk_mbps_read_only": 0,
            "disk_mbps_read_write": 60,
            "disk_size_gb": 1023,
            "encryption_settings": [],
            "gallery_image_reference_id": "",
            "hyper_v_generation": "",
            "id": "/subscriptions/8659e423-a7ae-4e8f-9d43-3f63027b6e19/resourceGroups/WTResourceGroupBONUS/providers/Microsoft.Compute/disks/datadisk_db_0",
            "image_reference_id": "",
            "location": "centralindia",
            "logical_sector_size": null,
            "max_shares": 0,
            "name": "datadisk_db_0",
            "network_access_policy": null,
            "on_demand_bursting_enabled": false,
            "os_type": "",
            "public_network_access_enabled": true,
            "resource_group_name": "WTResourceGroupBONUS",
            "source_resource_id": "",
            "source_uri": "",
            "storage_account_id": "",
            "storage_account_type": "Standard_LRS",
            "tags": null,
            "tier": "",
            "timeouts": null,
            "trusted_launch_enabled": false,
            "zones": null
          },
          "sensitive_attributes": [],
          "private": "eyJlMmJmYjczMC1lY2FhLTExZTYtOGY4OC0zNDM2M2JjN2M0YzAiOnsiY3JlYXRlIjoxODAwMDAwMDAwMDAwLCJkZWxldGUiOjE4MDAwMDAwMDAwMDAsInJlYWQiOjMwMDAwMDAwMDAwMCwidXBkYXRlIjoxODAwMDAwMDAwMDAwfX0=",
          "dependencies": [
            "azurerm_resource_group.example"
          ]
        }
      ]
    },
    {
      "mode": "managed",
      "type": "azurerm_network_interface",
      "name": "test2",
      "provider": "provider[\"registry.terraform.io/hashicorp/azurerm\"]",
      "instances": [
        {
          "index_key": 0,
          "schema_version": 0,
          "attributes": {
            "applied_dns_servers": [],
            "dns_servers": [],
            "enable_accelerated_networking": false,
            "enable_ip_forwarding": false,
            "id": "/subscriptions/8659e423-a7ae-4e8f-9d43-3f63027b6e19/resourceGroups/WTResourceGroupBONUS/providers/Microsoft.Network/networkInterfaces/dbni0",
            "internal_dns_name_label": "",
            "internal_domain_name_suffix": "4ylsy1t20p5utbgt4u5ye0an3e.rx.internal.cloudapp.net",
            "ip_configuration": [
              {
                "gateway_load_balancer_frontend_ip_configuration_id": "",
                "name": "testConfiguration2",
                "primary": true,
                "private_ip_address": "10.0.1.4",
                "private_ip_address_allocation": "Dynamic",
                "private_ip_address_version": "IPv4",
                "public_ip_address_id": "",
                "subnet_id": "/subscriptions/8659e423-a7ae-4e8f-9d43-3f63027b6e19/resourceGroups/WTResourceGroupBONUS/providers/Microsoft.Network/virtualNetworks/WTvn/subnets/DBsubnet"
              }
            ],
            "location": "centralindia",
            "mac_address": "",
            "name": "dbni0",
            "private_ip_address": "10.0.1.4",
            "private_ip_addresses": [
              "10.0.1.4"
            ],
            "resource_group_name": "WTResourceGroupBONUS",
            "tags": null,
            "timeouts": null,
            "virtual_machine_id": ""
          },
          "sensitive_attributes": [],
          "private": "eyJlMmJmYjczMC1lY2FhLTExZTYtOGY4OC0zNDM2M2JjN2M0YzAiOnsiY3JlYXRlIjoxODAwMDAwMDAwMDAwLCJkZWxldGUiOjE4MDAwMDAwMDAwMDAsInJlYWQiOjMwMDAwMDAwMDAwMCwidXBkYXRlIjoxODAwMDAwMDAwMDAwfX0=",
          "dependencies": [
            "azurerm_resource_group.example",
            "azurerm_subnet.test2",
            "azurerm_virtual_network.test"
          ]
        }
      ]
    },
    {
      "mode": "managed",
      "type": "azurerm_network_interface",
      "name": "tf-nic",
      "provider": "provider[\"registry.terraform.io/hashicorp/azurerm\"]",
      "instances": [
        {
          "index_key": 0,
          "schema_version": 0,
          "attributes": {
            "applied_dns_servers": [],
            "dns_servers": [],
            "enable_accelerated_networking": false,
            "enable_ip_forwarding": false,
            "id": "/subscriptions/8659e423-a7ae-4e8f-9d43-3f63027b6e19/resourceGroups/WTResourceGroupBONUS/providers/Microsoft.Network/networkInterfaces/appni0",
            "internal_dns_name_label": "",
            "internal_domain_name_suffix": "4ylsy1t20p5utbgt4u5ye0an3e.rx.internal.cloudapp.net",
            "ip_configuration": [
              {
                "gateway_load_balancer_frontend_ip_configuration_id": "",
                "name": "testConfiguration0",
                "primary": true,
                "private_ip_address": "10.0.2.8",
                "private_ip_address_allocation": "Dynamic",
                "private_ip_address_version": "IPv4",
                "public_ip_address_id": "",
                "subnet_id": "/subscriptions/8659e423-a7ae-4e8f-9d43-3f63027b6e19/resourceGroups/WTResourceGroupBONUS/providers/Microsoft.Network/virtualNetworks/WTvn/subnets/Applicaionsubnet"
              }
            ],
            "location": "centralindia",
            "mac_address": "",
            "name": "appni0",
            "private_ip_address": "10.0.2.8",
            "private_ip_addresses": [
              "10.0.2.8"
            ],
            "resource_group_name": "WTResourceGroupBONUS",
            "tags": null,
            "timeouts": null,
            "virtual_machine_id": ""
          },
          "sensitive_attributes": [],
          "private": "eyJlMmJmYjczMC1lY2FhLTExZTYtOGY4OC0zNDM2M2JjN2M0YzAiOnsiY3JlYXRlIjoxODAwMDAwMDAwMDAwLCJkZWxldGUiOjE4MDAwMDAwMDAwMDAsInJlYWQiOjMwMDAwMDAwMDAwMCwidXBkYXRlIjoxODAwMDAwMDAwMDAwfX0=",
          "dependencies": [
            "azurerm_resource_group.example",
            "azurerm_subnet.test1",
            "azurerm_virtual_network.test"
          ]
        },
        {
          "index_key": 1,
          "schema_version": 0,
          "attributes": {
            "applied_dns_servers": [],
            "dns_servers": [],
            "enable_accelerated_networking": false,
            "enable_ip_forwarding": false,
            "id": "/subscriptions/8659e423-a7ae-4e8f-9d43-3f63027b6e19/resourceGroups/WTResourceGroupBONUS/providers/Microsoft.Network/networkInterfaces/appni1",
            "internal_dns_name_label": "",
            "internal_domain_name_suffix": "4ylsy1t20p5utbgt4u5ye0an3e.rx.internal.cloudapp.net",
            "ip_configuration": [
              {
                "gateway_load_balancer_frontend_ip_configuration_id": "",
                "name": "testConfiguration1",
                "primary": true,
                "private_ip_address": "10.0.2.10",
                "private_ip_address_allocation": "Dynamic",
                "private_ip_address_version": "IPv4",
                "public_ip_address_id": "",
                "subnet_id": "/subscriptions/8659e423-a7ae-4e8f-9d43-3f63027b6e19/resourceGroups/WTResourceGroupBONUS/providers/Microsoft.Network/virtualNetworks/WTvn/subnets/Applicaionsubnet"
              }
            ],
            "location": "centralindia",
            "mac_address": "",
            "name": "appni1",
            "private_ip_address": "10.0.2.10",
            "private_ip_addresses": [
              "10.0.2.10"
            ],
            "resource_group_name": "WTResourceGroupBONUS",
            "tags": null,
            "timeouts": null,
            "virtual_machine_id": ""
          },
          "sensitive_attributes": [],
          "private": "eyJlMmJmYjczMC1lY2FhLTExZTYtOGY4OC0zNDM2M2JjN2M0YzAiOnsiY3JlYXRlIjoxODAwMDAwMDAwMDAwLCJkZWxldGUiOjE4MDAwMDAwMDAwMDAsInJlYWQiOjMwMDAwMDAwMDAwMCwidXBkYXRlIjoxODAwMDAwMDAwMDAwfX0=",
          "dependencies": [
            "azurerm_resource_group.example",
            "azurerm_subnet.test1",
            "azurerm_virtual_network.test"
          ]
        },
        {
          "index_key": 2,
          "schema_version": 0,
          "attributes": {
            "applied_dns_servers": [],
            "dns_servers": [],
            "enable_accelerated_networking": false,
            "enable_ip_forwarding": false,
            "id": "/subscriptions/8659e423-a7ae-4e8f-9d43-3f63027b6e19/resourceGroups/WTResourceGroupBONUS/providers/Microsoft.Network/networkInterfaces/appni2",
            "internal_dns_name_label": "",
            "internal_domain_name_suffix": "4ylsy1t20p5utbgt4u5ye0an3e.rx.internal.cloudapp.net",
            "ip_configuration": [
              {
                "gateway_load_balancer_frontend_ip_configuration_id": "",
                "name": "testConfiguration2",
                "primary": true,
                "private_ip_address": "10.0.2.9",
                "private_ip_address_allocation": "Dynamic",
                "private_ip_address_version": "IPv4",
                "public_ip_address_id": "",
                "subnet_id": "/subscriptions/8659e423-a7ae-4e8f-9d43-3f63027b6e19/resourceGroups/WTResourceGroupBONUS/providers/Microsoft.Network/virtualNetworks/WTvn/subnets/Applicaionsubnet"
              }
            ],
            "location": "centralindia",
            "mac_address": "",
            "name": "appni2",
            "private_ip_address": "10.0.2.9",
            "private_ip_addresses": [
              "10.0.2.9"
            ],
            "resource_group_name": "WTResourceGroupBONUS",
            "tags": null,
            "timeouts": null,
            "virtual_machine_id": ""
          },
          "sensitive_attributes": [],
          "private": "eyJlMmJmYjczMC1lY2FhLTExZTYtOGY4OC0zNDM2M2JjN2M0YzAiOnsiY3JlYXRlIjoxODAwMDAwMDAwMDAwLCJkZWxldGUiOjE4MDAwMDAwMDAwMDAsInJlYWQiOjMwMDAwMDAwMDAwMCwidXBkYXRlIjoxODAwMDAwMDAwMDAwfX0=",
          "dependencies": [
            "azurerm_resource_group.example",
            "azurerm_subnet.test1",
            "azurerm_virtual_network.test"
          ]
        }
      ]
    },
    {
      "mode": "managed",
      "type": "azurerm_network_interface_nat_rule_association",
      "name": "main",
      "provider": "provider[\"registry.terraform.io/hashicorp/azurerm\"]",
      "instances": [
        {
          "index_key": 0,
          "schema_version": 0,
          "attributes": {
            "id": "/subscriptions/8659e423-a7ae-4e8f-9d43-3f63027b6e19/resourceGroups/WTResourceGroupBONUS/providers/Microsoft.Network/networkInterfaces/appni0/ipConfigurations/testConfiguration0|/subscriptions/8659e423-a7ae-4e8f-9d43-3f63027b6e19/resourceGroups/WTResourceGroupBONUS/providers/Microsoft.Network/loadBalancers/WTloadbalancer/inboundNatRules/lb-nat-ssh-0",
            "ip_configuration_name": "testConfiguration0",
            "nat_rule_id": "/subscriptions/8659e423-a7ae-4e8f-9d43-3f63027b6e19/resourceGroups/WTResourceGroupBONUS/providers/Microsoft.Network/loadBalancers/WTloadbalancer/inboundNatRules/lb-nat-ssh-0",
            "network_interface_id": "/subscriptions/8659e423-a7ae-4e8f-9d43-3f63027b6e19/resourceGroups/WTResourceGroupBONUS/providers/Microsoft.Network/networkInterfaces/appni0",
            "timeouts": null
          },
          "sensitive_attributes": [],
          "private": "eyJlMmJmYjczMC1lY2FhLTExZTYtOGY4OC0zNDM2M2JjN2M0YzAiOnsiY3JlYXRlIjoxODAwMDAwMDAwMDAwLCJkZWxldGUiOjE4MDAwMDAwMDAwMDAsInJlYWQiOjMwMDAwMDAwMDAwMCwidXBkYXRlIjoxODAwMDAwMDAwMDAwfX0=",
          "dependencies": [
            "azurerm_lb.main",
            "azurerm_lb_nat_rule.main",
            "azurerm_network_interface.tf-nic",
            "azurerm_public_ip.test",
            "azurerm_resource_group.example",
            "azurerm_subnet.test1",
            "azurerm_virtual_network.test"
          ]
        },
        {
          "index_key": 1,
          "schema_version": 0,
          "attributes": {
            "id": "/subscriptions/8659e423-a7ae-4e8f-9d43-3f63027b6e19/resourceGroups/WTResourceGroupBONUS/providers/Microsoft.Network/networkInterfaces/appni1/ipConfigurations/testConfiguration1|/subscriptions/8659e423-a7ae-4e8f-9d43-3f63027b6e19/resourceGroups/WTResourceGroupBONUS/providers/Microsoft.Network/loadBalancers/WTloadbalancer/inboundNatRules/lb-nat-ssh-1",
            "ip_configuration_name": "testConfiguration1",
            "nat_rule_id": "/subscriptions/8659e423-a7ae-4e8f-9d43-3f63027b6e19/resourceGroups/WTResourceGroupBONUS/providers/Microsoft.Network/loadBalancers/WTloadbalancer/inboundNatRules/lb-nat-ssh-1",
            "network_interface_id": "/subscriptions/8659e423-a7ae-4e8f-9d43-3f63027b6e19/resourceGroups/WTResourceGroupBONUS/providers/Microsoft.Network/networkInterfaces/appni1",
            "timeouts": null
          },
          "sensitive_attributes": [],
          "private": "eyJlMmJmYjczMC1lY2FhLTExZTYtOGY4OC0zNDM2M2JjN2M0YzAiOnsiY3JlYXRlIjoxODAwMDAwMDAwMDAwLCJkZWxldGUiOjE4MDAwMDAwMDAwMDAsInJlYWQiOjMwMDAwMDAwMDAwMCwidXBkYXRlIjoxODAwMDAwMDAwMDAwfX0=",
          "dependencies": [
            "azurerm_lb.main",
            "azurerm_lb_nat_rule.main",
            "azurerm_network_interface.tf-nic",
            "azurerm_public_ip.test",
            "azurerm_resource_group.example",
            "azurerm_subnet.test1",
            "azurerm_virtual_network.test"
          ]
        },
        {
          "index_key": 2,
          "schema_version": 0,
          "attributes": {
            "id": "/subscriptions/8659e423-a7ae-4e8f-9d43-3f63027b6e19/resourceGroups/WTResourceGroupBONUS/providers/Microsoft.Network/networkInterfaces/appni2/ipConfigurations/testConfiguration2|/subscriptions/8659e423-a7ae-4e8f-9d43-3f63027b6e19/resourceGroups/WTResourceGroupBONUS/providers/Microsoft.Network/loadBalancers/WTloadbalancer/inboundNatRules/lb-nat-ssh-2",
            "ip_configuration_name": "testConfiguration2",
            "nat_rule_id": "/subscriptions/8659e423-a7ae-4e8f-9d43-3f63027b6e19/resourceGroups/WTResourceGroupBONUS/providers/Microsoft.Network/loadBalancers/WTloadbalancer/inboundNatRules/lb-nat-ssh-2",
            "network_interface_id": "/subscriptions/8659e423-a7ae-4e8f-9d43-3f63027b6e19/resourceGroups/WTResourceGroupBONUS/providers/Microsoft.Network/networkInterfaces/appni2",
            "timeouts": null
          },
          "sensitive_attributes": [],
          "private": "eyJlMmJmYjczMC1lY2FhLTExZTYtOGY4OC0zNDM2M2JjN2M0YzAiOnsiY3JlYXRlIjoxODAwMDAwMDAwMDAwLCJkZWxldGUiOjE4MDAwMDAwMDAwMDAsInJlYWQiOjMwMDAwMDAwMDAwMCwidXBkYXRlIjoxODAwMDAwMDAwMDAwfX0=",
          "dependencies": [
            "azurerm_lb.main",
            "azurerm_lb_nat_rule.main",
            "azurerm_network_interface.tf-nic",
            "azurerm_public_ip.test",
            "azurerm_resource_group.example",
            "azurerm_subnet.test1",
            "azurerm_virtual_network.test"
          ]
        }
      ]
    },
    {
      "mode": "managed",
      "type": "azurerm_network_security_group",
      "name": "example",
      "provider": "provider[\"registry.terraform.io/hashicorp/azurerm\"]",
      "instances": [
        {
          "schema_version": 0,
          "attributes": {
            "id": "/subscriptions/8659e423-a7ae-4e8f-9d43-3f63027b6e19/resourceGroups/WTResourceGroupBONUS/providers/Microsoft.Network/networkSecurityGroups/App-nsg",
            "location": "centralindia",
            "name": "App-nsg",
            "resource_group_name": "WTResourceGroupBONUS",
            "security_rule": [
              {
                "access": "Allow",
                "description": "",
                "destination_address_prefix": "*",
                "destination_address_prefixes": [],
                "destination_application_security_group_ids": [],
                "destination_port_range": "22",
                "destination_port_ranges": [],
                "direction": "Inbound",
                "name": "AllowAnyCustom200-210Inbound",
                "priority": 101,
                "protocol": "Tcp",
                "source_address_prefix": "*",
                "source_address_prefixes": [],
                "source_application_security_group_ids": [],
                "source_port_range": "*",
                "source_port_ranges": []
              },
              {
                "access": "Allow",
                "description": "",
                "destination_address_prefix": "10.0.2.0/24",
                "destination_address_prefixes": [],
                "destination_application_security_group_ids": [],
                "destination_port_range": "8080",
                "destination_port_ranges": [],
                "direction": "Inbound",
                "name": "AllowAnyCustom8080Inbound",
                "priority": 100,
                "protocol": "Tcp",
                "source_address_prefix": "*",
                "source_address_prefixes": [],
                "source_application_security_group_ids": [],
                "source_port_range": "*",
                "source_port_ranges": []
              }
            ],
            "tags": null,
            "timeouts": null
          },
          "sensitive_attributes": [],
          "private": "eyJlMmJmYjczMC1lY2FhLTExZTYtOGY4OC0zNDM2M2JjN2M0YzAiOnsiY3JlYXRlIjoxODAwMDAwMDAwMDAwLCJkZWxldGUiOjE4MDAwMDAwMDAwMDAsInJlYWQiOjMwMDAwMDAwMDAwMCwidXBkYXRlIjoxODAwMDAwMDAwMDAwfX0=",
          "dependencies": [
            "azurerm_resource_group.example"
          ]
        }
      ]
    },
    {
      "mode": "managed",
      "type": "azurerm_network_security_group",
      "name": "example1",
      "provider": "provider[\"registry.terraform.io/hashicorp/azurerm\"]",
      "instances": [
        {
          "schema_version": 0,
          "attributes": {
            "id": "/subscriptions/8659e423-a7ae-4e8f-9d43-3f63027b6e19/resourceGroups/WTResourceGroupBONUS/providers/Microsoft.Network/networkSecurityGroups/DB-nsg",
            "location": "centralindia",
            "name": "DB-nsg",
            "resource_group_name": "WTResourceGroupBONUS",
            "security_rule": [
              {
                "access": "Allow",
                "description": "",
                "destination_address_prefix": "*",
                "destination_address_prefixes": [],
                "destination_application_security_group_ids": [],
                "destination_port_range": "22",
                "destination_port_ranges": [],
                "direction": "Inbound",
                "name": "DBAccessrule0",
                "priority": 100,
                "protocol": "Tcp",
                "source_address_prefix": "122.170.248.40",
                "source_address_prefixes": [],
                "source_application_security_group_ids": [],
                "source_port_range": "8080",
                "source_port_ranges": []
              },
              {
                "access": "Allow",
                "description": "",
                "destination_address_prefix": "*",
                "destination_address_prefixes": [],
                "destination_application_security_group_ids": [],
                "destination_port_range": "5433",
                "destination_port_ranges": [],
                "direction": "Inbound",
                "name": "DBAccessrule1",
                "priority": 101,
                "protocol": "Tcp",
                "source_address_prefix": "10.0.2.0/24",
                "source_address_prefixes": [],
                "source_application_security_group_ids": [],
                "source_port_range": "8080",
                "source_port_ranges": []
              }
            ],
            "tags": null,
            "timeouts": null
          },
          "sensitive_attributes": [],
          "private": "eyJlMmJmYjczMC1lY2FhLTExZTYtOGY4OC0zNDM2M2JjN2M0YzAiOnsiY3JlYXRlIjoxODAwMDAwMDAwMDAwLCJkZWxldGUiOjE4MDAwMDAwMDAwMDAsInJlYWQiOjMwMDAwMDAwMDAwMCwidXBkYXRlIjoxODAwMDAwMDAwMDAwfX0=",
          "dependencies": [
            "azurerm_resource_group.example"
          ]
        }
      ]
    },
    {
      "mode": "managed",
      "type": "azurerm_postgresql_database",
      "name": "example",
      "provider": "provider[\"registry.terraform.io/hashicorp/azurerm\"]",
      "instances": [
        {
          "schema_version": 0,
          "attributes": {
            "charset": "UTF8",
            "collation": "English_United States.1252",
            "id": "/subscriptions/8659e423-a7ae-4e8f-9d43-3f63027b6e19/resourceGroups/WTResourceGroupBONUS/providers/Microsoft.DBforPostgreSQL/servers/postgresqlserver1/databases/exampledb",
            "name": "exampledb",
            "resource_group_name": "WTResourceGroupBONUS",
            "server_name": "postgresqlserver1",
            "timeouts": null
          },
          "sensitive_attributes": [],
          "private": "eyJlMmJmYjczMC1lY2FhLTExZTYtOGY4OC0zNDM2M2JjN2M0YzAiOnsiY3JlYXRlIjozNjAwMDAwMDAwMDAwLCJkZWxldGUiOjM2MDAwMDAwMDAwMDAsInJlYWQiOjMwMDAwMDAwMDAwMCwidXBkYXRlIjozNjAwMDAwMDAwMDAwfX0=",
          "dependencies": [
            "azurerm_postgresql_server.example",
            "azurerm_resource_group.example"
          ]
        }
      ]
    },
    {
      "mode": "managed",
      "type": "azurerm_postgresql_server",
      "name": "example",
      "provider": "provider[\"registry.terraform.io/hashicorp/azurerm\"]",
      "instances": [
        {
          "schema_version": 0,
          "attributes": {
            "administrator_login": "psqladmin",
            "administrator_login_password": "H@Sh1CoR3!",
            "auto_grow_enabled": true,
            "backup_retention_days": 7,
            "create_mode": "Default",
            "creation_source_server_id": null,
            "fqdn": "postgresqlserver1.postgres.database.azure.com",
            "geo_redundant_backup_enabled": false,
            "id": "/subscriptions/8659e423-a7ae-4e8f-9d43-3f63027b6e19/resourceGroups/WTResourceGroupBONUS/providers/Microsoft.DBforPostgreSQL/servers/postgresqlserver1",
            "identity": [],
            "infrastructure_encryption_enabled": false,
            "location": "centralindia",
            "name": "postgresqlserver1",
            "public_network_access_enabled": true,
            "resource_group_name": "WTResourceGroupBONUS",
            "restore_point_in_time": null,
            "sku_name": "B_Gen5_2",
            "ssl_enforcement": "Enabled",
            "ssl_enforcement_enabled": true,
            "ssl_minimal_tls_version_enforced": "TLSEnforcementDisabled",
            "storage_mb": 5120,
            "storage_profile": [
              {
                "auto_grow": "Enabled",
                "backup_retention_days": 7,
                "geo_redundant_backup": "Disabled",
                "storage_mb": 5120
              }
            ],
            "tags": null,
            "threat_detection_policy": [],
            "timeouts": null,
            "version": "9.5"
          },
          "sensitive_attributes": [],
          "private": "eyJlMmJmYjczMC1lY2FhLTExZTYtOGY4OC0zNDM2M2JjN2M0YzAiOnsiY3JlYXRlIjozNjAwMDAwMDAwMDAwLCJkZWxldGUiOjM2MDAwMDAwMDAwMDAsInJlYWQiOjMwMDAwMDAwMDAwMCwidXBkYXRlIjozNjAwMDAwMDAwMDAwfX0=",
          "dependencies": [
            "azurerm_resource_group.example"
          ]
        }
      ]
    },
    {
      "mode": "managed",
      "type": "azurerm_public_ip",
      "name": "test",
      "provider": "provider[\"registry.terraform.io/hashicorp/azurerm\"]",
      "instances": [
        {
          "schema_version": 0,
          "attributes": {
            "allocation_method": "Static",
            "availability_zone": "No-Zone",
            "domain_name_label": null,
            "fqdn": null,
            "id": "/subscriptions/8659e423-a7ae-4e8f-9d43-3f63027b6e19/resourceGroups/WTResourceGroupBONUS/providers/Microsoft.Network/publicIPAddresses/publicIPForLB",
            "idle_timeout_in_minutes": 4,
            "ip_address": "4.240.125.43",
            "ip_tags": null,
            "ip_version": "IPv4",
            "location": "centralindia",
            "name": "publicIPForLB",
            "public_ip_prefix_id": null,
            "resource_group_name": "WTResourceGroupBONUS",
            "reverse_fqdn": null,
            "sku": "Basic",
            "sku_tier": "Regional",
            "tags": null,
            "timeouts": null,
            "zones": []
          },
          "sensitive_attributes": [],
          "private": "eyJlMmJmYjczMC1lY2FhLTExZTYtOGY4OC0zNDM2M2JjN2M0YzAiOnsiY3JlYXRlIjoxODAwMDAwMDAwMDAwLCJkZWxldGUiOjE4MDAwMDAwMDAwMDAsInJlYWQiOjMwMDAwMDAwMDAwMCwidXBkYXRlIjoxODAwMDAwMDAwMDAwfX0=",
          "dependencies": [
            "azurerm_resource_group.example"
          ]
        }
      ]
    },
    {
      "mode": "managed",
      "type": "azurerm_resource_group",
      "name": "example",
      "provider": "provider[\"registry.terraform.io/hashicorp/azurerm\"]",
      "instances": [
        {
          "schema_version": 0,
          "attributes": {
            "id": "/subscriptions/8659e423-a7ae-4e8f-9d43-3f63027b6e19/resourceGroups/WTResourceGroupBONUS",
            "location": "centralindia",
            "name": "WTResourceGroupBONUS",
            "tags": null,
            "timeouts": null
          },
          "sensitive_attributes": [],
          "private": "eyJlMmJmYjczMC1lY2FhLTExZTYtOGY4OC0zNDM2M2JjN2M0YzAiOnsiY3JlYXRlIjo1NDAwMDAwMDAwMDAwLCJkZWxldGUiOjU0MDAwMDAwMDAwMDAsInJlYWQiOjMwMDAwMDAwMDAwMCwidXBkYXRlIjo1NDAwMDAwMDAwMDAwfX0="
        }
      ]
    },
    {
      "mode": "managed",
      "type": "azurerm_subnet",
      "name": "test1",
      "provider": "provider[\"registry.terraform.io/hashicorp/azurerm\"]",
      "instances": [
        {
          "schema_version": 0,
          "attributes": {
            "address_prefix": "10.0.2.0/24",
            "address_prefixes": [
              "10.0.2.0/24"
            ],
            "delegation": [],
            "enforce_private_link_endpoint_network_policies": false,
            "enforce_private_link_service_network_policies": false,
            "id": "/subscriptions/8659e423-a7ae-4e8f-9d43-3f63027b6e19/resourceGroups/WTResourceGroupBONUS/providers/Microsoft.Network/virtualNetworks/WTvn/subnets/Applicaionsubnet",
            "name": "Applicaionsubnet",
            "resource_group_name": "WTResourceGroupBONUS",
            "service_endpoint_policy_ids": null,
            "service_endpoints": null,
            "timeouts": null,
            "virtual_network_name": "WTvn"
          },
          "sensitive_attributes": [],
          "private": "eyJlMmJmYjczMC1lY2FhLTExZTYtOGY4OC0zNDM2M2JjN2M0YzAiOnsiY3JlYXRlIjoxODAwMDAwMDAwMDAwLCJkZWxldGUiOjE4MDAwMDAwMDAwMDAsInJlYWQiOjMwMDAwMDAwMDAwMCwidXBkYXRlIjoxODAwMDAwMDAwMDAwfX0=",
          "dependencies": [
            "azurerm_resource_group.example",
            "azurerm_virtual_network.test"
          ]
        }
      ]
    },
    {
      "mode": "managed",
      "type": "azurerm_subnet",
      "name": "test2",
      "provider": "provider[\"registry.terraform.io/hashicorp/azurerm\"]",
      "instances": [
        {
          "schema_version": 0,
          "attributes": {
            "address_prefix": "10.0.1.0/24",
            "address_prefixes": [
              "10.0.1.0/24"
            ],
            "delegation": [],
            "enforce_private_link_endpoint_network_policies": false,
            "enforce_private_link_service_network_policies": false,
            "id": "/subscriptions/8659e423-a7ae-4e8f-9d43-3f63027b6e19/resourceGroups/WTResourceGroupBONUS/providers/Microsoft.Network/virtualNetworks/WTvn/subnets/DBsubnet",
            "name": "DBsubnet",
            "resource_group_name": "WTResourceGroupBONUS",
            "service_endpoint_policy_ids": null,
            "service_endpoints": null,
            "timeouts": null,
            "virtual_network_name": "WTvn"
          },
          "sensitive_attributes": [],
          "private": "eyJlMmJmYjczMC1lY2FhLTExZTYtOGY4OC0zNDM2M2JjN2M0YzAiOnsiY3JlYXRlIjoxODAwMDAwMDAwMDAwLCJkZWxldGUiOjE4MDAwMDAwMDAwMDAsInJlYWQiOjMwMDAwMDAwMDAwMCwidXBkYXRlIjoxODAwMDAwMDAwMDAwfX0=",
          "dependencies": [
            "azurerm_resource_group.example",
            "azurerm_virtual_network.test"
          ]
        }
      ]
    },
    {
      "mode": "managed",
      "type": "azurerm_subnet_network_security_group_association",
      "name": "example",
      "provider": "provider[\"registry.terraform.io/hashicorp/azurerm\"]",
      "instances": [
        {
          "schema_version": 0,
          "attributes": {
            "id": "/subscriptions/8659e423-a7ae-4e8f-9d43-3f63027b6e19/resourceGroups/WTResourceGroupBONUS/providers/Microsoft.Network/virtualNetworks/WTvn/subnets/Applicaionsubnet",
            "network_security_group_id": "/subscriptions/8659e423-a7ae-4e8f-9d43-3f63027b6e19/resourceGroups/WTResourceGroupBONUS/providers/Microsoft.Network/networkSecurityGroups/App-nsg",
            "subnet_id": "/subscriptions/8659e423-a7ae-4e8f-9d43-3f63027b6e19/resourceGroups/WTResourceGroupBONUS/providers/Microsoft.Network/virtualNetworks/WTvn/subnets/Applicaionsubnet",
            "timeouts": null
          },
          "sensitive_attributes": [],
          "private": "eyJlMmJmYjczMC1lY2FhLTExZTYtOGY4OC0zNDM2M2JjN2M0YzAiOnsiY3JlYXRlIjoxODAwMDAwMDAwMDAwLCJkZWxldGUiOjE4MDAwMDAwMDAwMDAsInJlYWQiOjMwMDAwMDAwMDAwMCwidXBkYXRlIjoxODAwMDAwMDAwMDAwfX0=",
          "dependencies": [
            "azurerm_network_security_group.example",
            "azurerm_resource_group.example",
            "azurerm_subnet.test1",
            "azurerm_virtual_network.test"
          ]
        }
      ]
    },
    {
      "mode": "managed",
      "type": "azurerm_subnet_network_security_group_association",
      "name": "example1",
      "provider": "provider[\"registry.terraform.io/hashicorp/azurerm\"]",
      "instances": [
        {
          "schema_version": 0,
          "attributes": {
            "id": "/subscriptions/8659e423-a7ae-4e8f-9d43-3f63027b6e19/resourceGroups/WTResourceGroupBONUS/providers/Microsoft.Network/virtualNetworks/WTvn/subnets/DBsubnet",
            "network_security_group_id": "/subscriptions/8659e423-a7ae-4e8f-9d43-3f63027b6e19/resourceGroups/WTResourceGroupBONUS/providers/Microsoft.Network/networkSecurityGroups/DB-nsg",
            "subnet_id": "/subscriptions/8659e423-a7ae-4e8f-9d43-3f63027b6e19/resourceGroups/WTResourceGroupBONUS/providers/Microsoft.Network/virtualNetworks/WTvn/subnets/DBsubnet",
            "timeouts": null
          },
          "sensitive_attributes": [],
          "private": "eyJlMmJmYjczMC1lY2FhLTExZTYtOGY4OC0zNDM2M2JjN2M0YzAiOnsiY3JlYXRlIjoxODAwMDAwMDAwMDAwLCJkZWxldGUiOjE4MDAwMDAwMDAwMDAsInJlYWQiOjMwMDAwMDAwMDAwMCwidXBkYXRlIjoxODAwMDAwMDAwMDAwfX0=",
          "dependencies": [
            "azurerm_network_security_group.example1",
            "azurerm_resource_group.example",
            "azurerm_subnet.test2",
            "azurerm_virtual_network.test"
          ]
        }
      ]
    },
    {
      "mode": "managed",
      "type": "azurerm_virtual_machine_scale_set",
      "name": "vmss",
      "provider": "provider[\"registry.terraform.io/hashicorp/azurerm\"]",
      "instances": [
        {
          "schema_version": 1,
          "attributes": {
            "automatic_os_upgrade": false,
            "boot_diagnostics": [],
            "eviction_policy": "",
            "extension": [],
            "health_probe_id": null,
            "id": "/subscriptions/8659e423-a7ae-4e8f-9d43-3f63027b6e19/resourceGroups/WTResourceGroupBONUS/providers/Microsoft.Compute/virtualMachineScaleSets/vmscaleset",
            "identity": [],
            "license_type": "",
            "location": "centralindia",
            "name": "vmscaleset",
            "network_profile": [
              {
                "accelerated_networking": false,
                "dns_settings": [
                  {
                    "dns_servers": []
                  }
                ],
                "ip_configuration": [
                  {
                    "application_gateway_backend_address_pool_ids": [],
                    "application_security_group_ids": [],
                    "load_balancer_backend_address_pool_ids": [
                      "/subscriptions/8659e423-a7ae-4e8f-9d43-3f63027b6e19/resourceGroups/WTResourceGroupBONUS/providers/Microsoft.Network/loadBalancers/WTloadbalancer/backendAddressPools/WTloadbalancer-bepool"
                    ],
                    "load_balancer_inbound_nat_rules_ids": [],
                    "name": "IPConfiguration",
                    "primary": true,
                    "public_ip_address_configuration": [],
                    "subnet_id": "/subscriptions/8659e423-a7ae-4e8f-9d43-3f63027b6e19/resourceGroups/WTResourceGroupBONUS/providers/Microsoft.Network/virtualNetworks/WTvn/subnets/Applicaionsubnet"
                  }
                ],
                "ip_forwarding": false,
                "name": "terraformnetworkprofile",
                "network_security_group_id": "",
                "primary": true
              }
            ],
            "os_profile": [
              {
                "admin_password": "Sela@123",
                "admin_username": "deepalig",
                "computer_name_prefix": "vmlab",
                "custom_data": ""
              }
            ],
            "os_profile_linux_config": [
              {
                "disable_password_authentication": false,
                "ssh_keys": []
              }
            ],
            "os_profile_secrets": [],
            "os_profile_windows_config": [],
            "overprovision": true,
            "plan": [],
            "priority": "",
            "proximity_placement_group_id": null,
            "resource_group_name": "WTResourceGroupBONUS",
            "rolling_upgrade_policy": [],
            "single_placement_group": true,
            "sku": [
              {
                "capacity": 2,
                "name": "Standard_DS1_v2",
                "tier": "Standard"
              }
            ],
            "storage_profile_data_disk": [
              {
                "caching": "ReadWrite",
                "create_option": "Empty",
                "disk_size_gb": 10,
                "lun": 0,
                "managed_disk_type": "Standard_LRS"
              }
            ],
            "storage_profile_image_reference": [
              {
                "id": "",
                "offer": "UbuntuServer",
                "publisher": "Canonical",
                "sku": "16.04-LTS",
                "version": "latest"
              }
            ],
            "storage_profile_os_disk": [
              {
                "caching": "ReadWrite",
                "create_option": "FromImage",
                "image": "",
                "managed_disk_type": "Standard_LRS",
                "name": "",
                "os_type": "",
                "vhd_containers": []
              }
            ],
            "tags": null,
            "timeouts": null,
            "upgrade_policy_mode": "Manual",
            "zones": null
          },
          "sensitive_attributes": [
            [
              {
                "type": "get_attr",
                "value": "os_profile"
              },
              {
                "type": "index",
                "value": {
                  "value": 0,
                  "type": "number"
                }
              },
              {
                "type": "get_attr",
                "value": "admin_password"
              }
            ],
            [
              {
                "type": "get_attr",
                "value": "os_profile"
              },
              {
                "type": "index",
                "value": {
                  "value": 0,
                  "type": "number"
                }
              },
              {
                "type": "get_attr",
                "value": "admin_username"
              }
            ]
          ],
          "private": "eyJlMmJmYjczMC1lY2FhLTExZTYtOGY4OC0zNDM2M2JjN2M0YzAiOnsiY3JlYXRlIjozNjAwMDAwMDAwMDAwLCJkZWxldGUiOjM2MDAwMDAwMDAwMDAsInJlYWQiOjMwMDAwMDAwMDAwMCwidXBkYXRlIjozNjAwMDAwMDAwMDAwfSwic2NoZW1hX3ZlcnNpb24iOiIxIn0=",
          "dependencies": [
            "azurerm_lb.main",
            "azurerm_lb_backend_address_pool.main",
            "azurerm_public_ip.test",
            "azurerm_resource_group.example",
            "azurerm_subnet.test1",
            "azurerm_virtual_network.test"
          ]
        }
      ]
    },
    {
      "mode": "managed",
      "type": "azurerm_virtual_network",
      "name": "test",
      "provider": "provider[\"registry.terraform.io/hashicorp/azurerm\"]",
      "instances": [
        {
          "schema_version": 0,
          "attributes": {
            "address_space": [
              "10.0.0.0/16"
            ],
            "bgp_community": "",
            "ddos_protection_plan": [],
            "dns_servers": [],
            "flow_timeout_in_minutes": 0,
            "guid": "6e2c17f6-d37c-49ff-84d3-f53f82680dec",
            "id": "/subscriptions/8659e423-a7ae-4e8f-9d43-3f63027b6e19/resourceGroups/WTResourceGroupBONUS/providers/Microsoft.Network/virtualNetworks/WTvn",
            "location": "centralindia",
            "name": "WTvn",
            "resource_group_name": "WTResourceGroupBONUS",
            "subnet": [],
            "tags": null,
            "timeouts": null,
            "vm_protection_enabled": false
          },
          "sensitive_attributes": [],
          "private": "eyJlMmJmYjczMC1lY2FhLTExZTYtOGY4OC0zNDM2M2JjN2M0YzAiOnsiY3JlYXRlIjoxODAwMDAwMDAwMDAwLCJkZWxldGUiOjE4MDAwMDAwMDAwMDAsInJlYWQiOjMwMDAwMDAwMDAwMCwidXBkYXRlIjoxODAwMDAwMDAwMDAwfX0=",
          "dependencies": [
            "azurerm_resource_group.example"
          ]
        }
      ]
    },
    {
      "mode": "managed",
      "type": "tls_private_key",
      "name": "example_ssh",
      "provider": "provider[\"registry.terraform.io/hashicorp/tls\"]",
      "instances": [
        {
          "schema_version": 1,
          "attributes": {
            "algorithm": "RSA",
            "ecdsa_curve": "P224",
            "id": "ac6a744d49ddea67e2da9040da749e4b84d8afc1",
            "private_key_openssh": "-----BEGIN OPENSSH PRIVATE KEY-----\nb3BlbnNzaC1rZXktdjEAAAAABG5vbmUAAAAEbm9uZQAAAAAAAAABAAACFwAAAAdz\nc2gtcnNhAAAAAwEAAQAAAgEAsHrl/QjlfBGHa2yypxRR+H9oAauTWGx0CmvRi0EW\n955Jj0HKdYqnpOTZer4oJg5bqUE1pNkddCjD2/4UzsfrG43NBO1GoP4dp0umvEgN\nFK0bY//gP/mUvxmUSiK/6LOzzENeDKZ8REik8ZREwodB0YxBc0DjtdM90rQyF9Az\nsk2fuR7rissKYz7kj1aSFN8/cTDLsek+xlQxUKfRTlEThFqUOeVYN1yl4KSAM5jK\nEn3fRs632N21MuuWup8E8niho0Dp4nm1agFgFOP111K20PC2MEGrmxx4zWJrvFpT\nu1QHYdTcoRWnTbUYAhfPSiKmSShn9s7rXD2Pli5eDkriQsYP/E99flvjBi8AKfJt\nErei2xMMtALglRfq0fFUe6xLCgUr2+m/kJSqCHYHHAMzBGpyl9LNGbTnlEvR2jkf\n05qjlOvhplxu4N1x5WTdpk5ZW8lPsdpfoM0y+QOtX6WdWCDXYlBkXUSv8U+AWnz9\ntdlilOOFpA/Q3eeiJ0SCqQhTYswZcEFzEbBjha/GYI1i8TDbd+5oWQBwT+enLzjY\nyYPS+ieX2Razb7JDzsev8vDRXrHV/zK3P5fwxrN/1xa2wnib6EPQv874R0A7USTy\ncMzk6A/Y+3Ia1Sc7SSi/xL9RE980YBW++EBq7eSPCPhwsBNebuSbVoLrNjwCRl//\nTMsAAAc46/GDc+vxg3MAAAAHc3NoLXJzYQAAAgEAsHrl/QjlfBGHa2yypxRR+H9o\nAauTWGx0CmvRi0EW955Jj0HKdYqnpOTZer4oJg5bqUE1pNkddCjD2/4UzsfrG43N\nBO1GoP4dp0umvEgNFK0bY//gP/mUvxmUSiK/6LOzzENeDKZ8REik8ZREwodB0YxB\nc0DjtdM90rQyF9Azsk2fuR7rissKYz7kj1aSFN8/cTDLsek+xlQxUKfRTlEThFqU\nOeVYN1yl4KSAM5jKEn3fRs632N21MuuWup8E8niho0Dp4nm1agFgFOP111K20PC2\nMEGrmxx4zWJrvFpTu1QHYdTcoRWnTbUYAhfPSiKmSShn9s7rXD2Pli5eDkriQsYP\n/E99flvjBi8AKfJtErei2xMMtALglRfq0fFUe6xLCgUr2+m/kJSqCHYHHAMzBGpy\nl9LNGbTnlEvR2jkf05qjlOvhplxu4N1x5WTdpk5ZW8lPsdpfoM0y+QOtX6WdWCDX\nYlBkXUSv8U+AWnz9tdlilOOFpA/Q3eeiJ0SCqQhTYswZcEFzEbBjha/GYI1i8TDb\nd+5oWQBwT+enLzjYyYPS+ieX2Razb7JDzsev8vDRXrHV/zK3P5fwxrN/1xa2wnib\n6EPQv874R0A7USTycMzk6A/Y+3Ia1Sc7SSi/xL9RE980YBW++EBq7eSPCPhwsBNe\nbuSbVoLrNjwCRl//TMsAAAADAQABAAACADAsC9VK9WEtY7qV/BoROOLM3DYAgILV\nb8NcdOE/DibfJRMekUYOZ/5hnV+cwlbI+oozy5HI1fpcGkJVk5ZyCaIGzdy3a90M\nIEoHI2cnf7KSIfTk5nBwDwMu10R5QcsiKkTqaqSnWSpGbgenQjGbPAMX9tGf98gs\n9iYqm7XWVhYojB266+6Bx78ZbsgViGB8I9Qgzqkskr8OQjvS4xYumVY6Z1V6Xd8W\nwgyUuo3a+eWcSDMKwDJJKmnQ1t7wAyiwduaaFH2GXVenMnPhWbzBzjcwTXrUoiP/\n3JWrdN8ABPUQVceFlAfAYl+avAfuOd3xoVQ83EwJZUNTZntHAtOB60p8sfwlmY+k\nKP/GLsDAdl9zTdAbnHh4Xr5lDo/VlECvtIF3UYzydFFM1CYOin4w+xXua9HSn7Cz\ngrhazEM6EWARRVglli1jYTE/auM72a6ys7/JmsI8fFaOBBoVRg3xi0AvsvxQkdr7\nWMvD1ekNjs88Z0FbwbbsmL/LLrAVAwWb3X925akHFjY98cfUvl3A5m1ST/3HIpdf\nNhY0R3d1up6VRHnHmJRo4DR5u20oRsm1/LYiYC8fcjhRHt3Ta3X6gac7SpfBXU2X\n2ygJHMUrSZBmJ5zt7J1Z592WlIwDt9j5V+n+JMbqetDCDh1fgc2nJt3pq7XScGeL\ndi9zsWiLaO4xAAABAErFT2aWgZXmXaQ8gyPIEJwQ8kaQ1jE5Hy/h+TS1jFAs3CrO\nP8RtqtaBj+26At+ARIKluv4hubfsbnY3X21bejUW8hcztmYzD8HTxmp2o7KibdQI\nGxi1ov1WvMc1gyPRbC6s/wmItJMFEMHYQCCjzX6hjHhTS/gNxu9/PAknFwl3zIau\nALUF6nLRp93sMkVynX2JRt5IXASfa+Bkj2Lpj13ZNN2ERprcum7RUEjMHtcsbnOP\nzaFCaqCYUSpV4GmSWwmL1UrPUYgmyzzdMOQJcbIMl1FyC3O4sAUT/nyzFrJ5IlC5\njd+d8Wc9aL9O9DYyvd6uMnzGuk7kZ1E8hUTlcPQAAAEBANqp+SeC4PZ+6qu2viEN\ncZJHIjEufF/YBTRnuir6PLuYOfQo/99XS57OXzMEREqoUEu7D+I/gK8mLpSVa1B5\nBQRbFEfeEJMdWZuWfmr54xocl+71VnM+6+mKFULPo0MVl7HiYZigaG2SStEMthq2\nI/S5jJGzkeQFwkGdlJAeU0FQM5+gRQJ4Db2jDaiAvBu+gRr0X3w7MpyVHZP2FodZ\nwpMGKBKpe4mZf2A8prT1jiuX9RN8AWfAR5T7QfufrrU8Vbxcx7VHABOah0YEnzob\niNSzPtQx04fD8vMH+3fEoKjUGp5fK4So6Yqzfj2iPgpPkBnzgyZ2MhekPi7Njro/\nhIMAAAEBAM6dBicq3cS/Mc5Sx/ll7WWQyzjlYr4FGjAd3LanFttx1z0O/bLlHg/7\niEB/uDsmRiMDfMy9sMoPeihzoNymms1xte8RWiWOMh2T+9K1ddYNwzCJf32HnNQN\nSl5O17zplPkmmkozukO/8Z1o8IJHnaOZDRW3L6kWEzEm1BuY+XKmk5Wq9MUJnyhJ\nd1krBIyZxfsQ7HfWiSZB5Zpu4rnLjhcfZ9qnW1dBrISwPH+aWki3lhR3MSE5LCPF\nNQE9xWj3xh6MN43oV33+AAb3kUY63odTv1XDA7PT5I8KlOkmzn6DOPZvnU0ogBCe\nVFa6AKb/uSyrOZ5CFAkVJ8sFoe1AdBkAAAAAAQID\n-----END OPENSSH PRIVATE KEY-----\n",
            "private_key_pem": "-----BEGIN RSA PRIVATE KEY-----\nMIIJKAIBAAKCAgEAsHrl/QjlfBGHa2yypxRR+H9oAauTWGx0CmvRi0EW955Jj0HK\ndYqnpOTZer4oJg5bqUE1pNkddCjD2/4UzsfrG43NBO1GoP4dp0umvEgNFK0bY//g\nP/mUvxmUSiK/6LOzzENeDKZ8REik8ZREwodB0YxBc0DjtdM90rQyF9Azsk2fuR7r\nissKYz7kj1aSFN8/cTDLsek+xlQxUKfRTlEThFqUOeVYN1yl4KSAM5jKEn3fRs63\n2N21MuuWup8E8niho0Dp4nm1agFgFOP111K20PC2MEGrmxx4zWJrvFpTu1QHYdTc\noRWnTbUYAhfPSiKmSShn9s7rXD2Pli5eDkriQsYP/E99flvjBi8AKfJtErei2xMM\ntALglRfq0fFUe6xLCgUr2+m/kJSqCHYHHAMzBGpyl9LNGbTnlEvR2jkf05qjlOvh\nplxu4N1x5WTdpk5ZW8lPsdpfoM0y+QOtX6WdWCDXYlBkXUSv8U+AWnz9tdlilOOF\npA/Q3eeiJ0SCqQhTYswZcEFzEbBjha/GYI1i8TDbd+5oWQBwT+enLzjYyYPS+ieX\n2Razb7JDzsev8vDRXrHV/zK3P5fwxrN/1xa2wnib6EPQv874R0A7USTycMzk6A/Y\n+3Ia1Sc7SSi/xL9RE980YBW++EBq7eSPCPhwsBNebuSbVoLrNjwCRl//TMsCAwEA\nAQKCAgAwLAvVSvVhLWO6lfwaETjizNw2AICC1W/DXHThPw4m3yUTHpFGDmf+YZ1f\nnMJWyPqKM8uRyNX6XBpCVZOWcgmiBs3ct2vdDCBKByNnJ3+ykiH05OZwcA8DLtdE\neUHLIipE6mqkp1kqRm4Hp0IxmzwDF/bRn/fILPYmKpu11lYWKIwduuvugce/GW7I\nFYhgfCPUIM6pLJK/DkI70uMWLplWOmdVel3fFsIMlLqN2vnlnEgzCsAySSpp0Nbe\n8AMosHbmmhR9hl1XpzJz4Vm8wc43ME161KIj/9yVq3TfAAT1EFXHhZQHwGJfmrwH\n7jnd8aFUPNxMCWVDU2Z7RwLTgetKfLH8JZmPpCj/xi7AwHZfc03QG5x4eF6+ZQ6P\n1ZRAr7SBd1GM8nRRTNQmDop+MPsV7mvR0p+ws4K4WsxDOhFgEUVYJZYtY2ExP2rj\nO9musrO/yZrCPHxWjgQaFUYN8YtAL7L8UJHa+1jLw9XpDY7PPGdBW8G27Ji/yy6w\nFQMFm91/duWpBxY2PfHH1L5dwOZtUk/9xyKXXzYWNEd3dbqelUR5x5iUaOA0ebtt\nKEbJtfy2ImAvH3I4UR7d02t1+oGnO0qXwV1Nl9soCRzFK0mQZiec7eydWefdlpSM\nA7fY+Vfp/iTG6nrQwg4dX4HNpybd6au10nBni3Yvc7Foi2juMQKCAQEA2qn5J4Lg\n9n7qq7a+IQ1xkkciMS58X9gFNGe6Kvo8u5g59Cj/31dLns5fMwRESqhQS7sP4j+A\nryYulJVrUHkFBFsUR94Qkx1Zm5Z+avnjGhyX7vVWcz7r6YoVQs+jQxWXseJhmKBo\nbZJK0Qy2GrYj9LmMkbOR5AXCQZ2UkB5TQVAzn6BFAngNvaMNqIC8G76BGvRffDsy\nnJUdk/YWh1nCkwYoEql7iZl/YDymtPWOK5f1E3wBZ8BHlPtB+5+utTxVvFzHtUcA\nE5qHRgSfOhuI1LM+1DHTh8Py8wf7d8SgqNQanl8rhKjpirN+PaI+Ck+QGfODJnYy\nF6Q+Ls2Ouj+EgwKCAQEAzp0GJyrdxL8xzlLH+WXtZZDLOOVivgUaMB3ctqcW23HX\nPQ79suUeD/uIQH+4OyZGIwN8zL2wyg96KHOg3KaazXG17xFaJY4yHZP70rV11g3D\nMIl/fYec1A1KXk7XvOmU+SaaSjO6Q7/xnWjwgkedo5kNFbcvqRYTMSbUG5j5cqaT\nlar0xQmfKEl3WSsEjJnF+xDsd9aJJkHlmm7iucuOFx9n2qdbV0GshLA8f5paSLeW\nFHcxITksI8U1AT3FaPfGHow3jehXff4ABveRRjreh1O/VcMDs9PkjwqU6SbOfoM4\n9m+dTSiAEJ5UVroApv+5LKs5nkIUCRUnywWh7UB0GQKCAQEArG4c6+tpOvgaVg5l\nH+taA9/UNrRRn8LZV9n0FK//9G62RLOQEq7kEvbqW3Ch6b2QlCeO/vrUn0mcsc6i\nMXM9YZHxDDsxFtGuN+MVDYbAb3bc2LLe2UJlBmS9H1JdjCka1kuOaq0TrFQQa4l6\nkNXQxMsM7liMUyO3a8a3wG4pePelvdrEkI3bSA+sVZQuwjIX3QmXwn9sCc4M5QDK\nAzHlHctdDlpX8Mn6iAlL7Kc21Wme+R5wfUBDMlhwT9w8CO7rLP58/ZZfmRXiVnSO\nm2PbIt+2S95+0DDVBJDm3CtSBdA8rWafCp2ojJe+lRu7kKXtHInKginylnIOFxpB\n0t0DwQKCAQBfDs9t5cLyaiS4EE4A6Gw4dk2Jd7/ePOq3iIWrY2SYwd+NMAB49gDG\nyar+QcS5MfrC0S/x4rQbwtMpGUnBOsWuD8rsmscm0C0ufo81elckjGBpTFljn6j/\nxr2Ydh27xJvNpX0G9pWT5hN7oHRG/DwCsL/cZdN/r7BUxNCBgfgCT7FHAshqfurC\n1koatDf7mCQGRtsEp6eh+l9wleOqJ4TQDprxdl4H3ydIRO0QqCsxmYVrFQt9hZhR\nPMIOOCVDDfwQweItX+AhD2Nj0TL9ZMhM6rL0+iwR6EMXrH6mZjxK6ISknOV6Qk/p\nVW7oF9uE+dJwQrbXoP8mzpzoQ0ckqKrBAoIBAErFT2aWgZXmXaQ8gyPIEJwQ8kaQ\n1jE5Hy/h+TS1jFAs3CrOP8RtqtaBj+26At+ARIKluv4hubfsbnY3X21bejUW8hcz\ntmYzD8HTxmp2o7KibdQIGxi1ov1WvMc1gyPRbC6s/wmItJMFEMHYQCCjzX6hjHhT\nS/gNxu9/PAknFwl3zIauALUF6nLRp93sMkVynX2JRt5IXASfa+Bkj2Lpj13ZNN2E\nRprcum7RUEjMHtcsbnOPzaFCaqCYUSpV4GmSWwmL1UrPUYgmyzzdMOQJcbIMl1Fy\nC3O4sAUT/nyzFrJ5IlC5jd+d8Wc9aL9O9DYyvd6uMnzGuk7kZ1E8hUTlcPQ=\n-----END RSA PRIVATE KEY-----\n",
            "private_key_pem_pkcs8": "-----BEGIN PRIVATE KEY-----\nMIIJQgIBADANBgkqhkiG9w0BAQEFAASCCSwwggkoAgEAAoICAQCweuX9COV8EYdr\nbLKnFFH4f2gBq5NYbHQKa9GLQRb3nkmPQcp1iqek5Nl6vigmDlupQTWk2R10KMPb\n/hTOx+sbjc0E7Uag/h2nS6a8SA0UrRtj/+A/+ZS/GZRKIr/os7PMQ14MpnxESKTx\nlETCh0HRjEFzQOO10z3StDIX0DOyTZ+5HuuKywpjPuSPVpIU3z9xMMux6T7GVDFQ\np9FOUROEWpQ55Vg3XKXgpIAzmMoSfd9GzrfY3bUy65a6nwTyeKGjQOniebVqAWAU\n4/XXUrbQ8LYwQaubHHjNYmu8WlO7VAdh1NyhFadNtRgCF89KIqZJKGf2zutcPY+W\nLl4OSuJCxg/8T31+W+MGLwAp8m0St6LbEwy0AuCVF+rR8VR7rEsKBSvb6b+QlKoI\ndgccAzMEanKX0s0ZtOeUS9HaOR/TmqOU6+GmXG7g3XHlZN2mTllbyU+x2l+gzTL5\nA61fpZ1YINdiUGRdRK/xT4BafP212WKU44WkD9Dd56InRIKpCFNizBlwQXMRsGOF\nr8ZgjWLxMNt37mhZAHBP56cvONjJg9L6J5fZFrNvskPOx6/y8NFesdX/Mrc/l/DG\ns3/XFrbCeJvoQ9C/zvhHQDtRJPJwzOToD9j7chrVJztJKL/Ev1ET3zRgFb74QGrt\n5I8I+HCwE15u5JtWgus2PAJGX/9MywIDAQABAoICADAsC9VK9WEtY7qV/BoROOLM\n3DYAgILVb8NcdOE/DibfJRMekUYOZ/5hnV+cwlbI+oozy5HI1fpcGkJVk5ZyCaIG\nzdy3a90MIEoHI2cnf7KSIfTk5nBwDwMu10R5QcsiKkTqaqSnWSpGbgenQjGbPAMX\n9tGf98gs9iYqm7XWVhYojB266+6Bx78ZbsgViGB8I9Qgzqkskr8OQjvS4xYumVY6\nZ1V6Xd8WwgyUuo3a+eWcSDMKwDJJKmnQ1t7wAyiwduaaFH2GXVenMnPhWbzBzjcw\nTXrUoiP/3JWrdN8ABPUQVceFlAfAYl+avAfuOd3xoVQ83EwJZUNTZntHAtOB60p8\nsfwlmY+kKP/GLsDAdl9zTdAbnHh4Xr5lDo/VlECvtIF3UYzydFFM1CYOin4w+xXu\na9HSn7CzgrhazEM6EWARRVglli1jYTE/auM72a6ys7/JmsI8fFaOBBoVRg3xi0Av\nsvxQkdr7WMvD1ekNjs88Z0FbwbbsmL/LLrAVAwWb3X925akHFjY98cfUvl3A5m1S\nT/3HIpdfNhY0R3d1up6VRHnHmJRo4DR5u20oRsm1/LYiYC8fcjhRHt3Ta3X6gac7\nSpfBXU2X2ygJHMUrSZBmJ5zt7J1Z592WlIwDt9j5V+n+JMbqetDCDh1fgc2nJt3p\nq7XScGeLdi9zsWiLaO4xAoIBAQDaqfknguD2fuqrtr4hDXGSRyIxLnxf2AU0Z7oq\n+jy7mDn0KP/fV0uezl8zBERKqFBLuw/iP4CvJi6UlWtQeQUEWxRH3hCTHVmbln5q\n+eMaHJfu9VZzPuvpihVCz6NDFZex4mGYoGhtkkrRDLYatiP0uYyRs5HkBcJBnZSQ\nHlNBUDOfoEUCeA29ow2ogLwbvoEa9F98OzKclR2T9haHWcKTBigSqXuJmX9gPKa0\n9Y4rl/UTfAFnwEeU+0H7n661PFW8XMe1RwATmodGBJ86G4jUsz7UMdOHw/LzB/t3\nxKCo1BqeXyuEqOmKs349oj4KT5AZ84MmdjIXpD4uzY66P4SDAoIBAQDOnQYnKt3E\nvzHOUsf5Ze1lkMs45WK+BRowHdy2pxbbcdc9Dv2y5R4P+4hAf7g7JkYjA3zMvbDK\nD3ooc6DcpprNcbXvEVoljjIdk/vStXXWDcMwiX99h5zUDUpeTte86ZT5JppKM7pD\nv/GdaPCCR52jmQ0Vty+pFhMxJtQbmPlyppOVqvTFCZ8oSXdZKwSMmcX7EOx31okm\nQeWabuK5y44XH2fap1tXQayEsDx/mlpIt5YUdzEhOSwjxTUBPcVo98YejDeN6Fd9\n/gAG95FGOt6HU79VwwOz0+SPCpTpJs5+gzj2b51NKIAQnlRWugCm/7ksqzmeQhQJ\nFSfLBaHtQHQZAoIBAQCsbhzr62k6+BpWDmUf61oD39Q2tFGfwtlX2fQUr//0brZE\ns5ASruQS9upbcKHpvZCUJ47++tSfSZyxzqIxcz1hkfEMOzEW0a434xUNhsBvdtzY\nst7ZQmUGZL0fUl2MKRrWS45qrROsVBBriXqQ1dDEywzuWIxTI7drxrfAbil496W9\n2sSQjdtID6xVlC7CMhfdCZfCf2wJzgzlAMoDMeUdy10OWlfwyfqICUvspzbVaZ75\nHnB9QEMyWHBP3DwI7uss/nz9ll+ZFeJWdI6bY9si37ZL3n7QMNUEkObcK1IF0Dyt\nZp8KnaiMl76VG7uQpe0cicqCKfKWcg4XGkHS3QPBAoIBAF8Oz23lwvJqJLgQTgDo\nbDh2TYl3v9486reIhatjZJjB340wAHj2AMbJqv5BxLkx+sLRL/HitBvC0ykZScE6\nxa4PyuyaxybQLS5+jzV6VySMYGlMWWOfqP/GvZh2HbvEm82lfQb2lZPmE3ugdEb8\nPAKwv9xl03+vsFTE0IGB+AJPsUcCyGp+6sLWShq0N/uYJAZG2wSnp6H6X3CV46on\nhNAOmvF2XgffJ0hE7RCoKzGZhWsVC32FmFE8wg44JUMN/BDB4i1f4CEPY2PRMv1k\nyEzqsvT6LBHoQxesfqZmPErohKSc5XpCT+lVbugX24T50nBCtteg/ybOnOhDRySo\nqsECggEASsVPZpaBleZdpDyDI8gQnBDyRpDWMTkfL+H5NLWMUCzcKs4/xG2q1oGP\n7boC34BEgqW6/iG5t+xudjdfbVt6NRbyFzO2ZjMPwdPGanajsqJt1AgbGLWi/Va8\nxzWDI9FsLqz/CYi0kwUQwdhAIKPNfqGMeFNL+A3G7388CScXCXfMhq4AtQXqctGn\n3ewyRXKdfYlG3khcBJ9r4GSPYumPXdk03YRGmty6btFQSMwe1yxuc4/NoUJqoJhR\nKlXgaZJbCYvVSs9RiCbLPN0w5AlxsgyXUXILc7iwBRP+fLMWsnkiULmN353xZz1o\nv070NjK93q4yfMa6TuRnUTyFROVw9A==\n-----END PRIVATE KEY-----\n",
            "public_key_fingerprint_md5": "62:a9:c9:45:a1:f0:e5:35:02:1e:82:1e:ad:70:d4:27",
            "public_key_fingerprint_sha256": "SHA256:qfc1KMD6RUW6dxwSQ0L0J+IyHD4DZX0i/yOHYevUjvw",
            "public_key_openssh": "ssh-rsa AAAAB3NzaC1yc2EAAAADAQABAAACAQCweuX9COV8EYdrbLKnFFH4f2gBq5NYbHQKa9GLQRb3nkmPQcp1iqek5Nl6vigmDlupQTWk2R10KMPb/hTOx+sbjc0E7Uag/h2nS6a8SA0UrRtj/+A/+ZS/GZRKIr/os7PMQ14MpnxESKTxlETCh0HRjEFzQOO10z3StDIX0DOyTZ+5HuuKywpjPuSPVpIU3z9xMMux6T7GVDFQp9FOUROEWpQ55Vg3XKXgpIAzmMoSfd9GzrfY3bUy65a6nwTyeKGjQOniebVqAWAU4/XXUrbQ8LYwQaubHHjNYmu8WlO7VAdh1NyhFadNtRgCF89KIqZJKGf2zutcPY+WLl4OSuJCxg/8T31+W+MGLwAp8m0St6LbEwy0AuCVF+rR8VR7rEsKBSvb6b+QlKoIdgccAzMEanKX0s0ZtOeUS9HaOR/TmqOU6+GmXG7g3XHlZN2mTllbyU+x2l+gzTL5A61fpZ1YINdiUGRdRK/xT4BafP212WKU44WkD9Dd56InRIKpCFNizBlwQXMRsGOFr8ZgjWLxMNt37mhZAHBP56cvONjJg9L6J5fZFrNvskPOx6/y8NFesdX/Mrc/l/DGs3/XFrbCeJvoQ9C/zvhHQDtRJPJwzOToD9j7chrVJztJKL/Ev1ET3zRgFb74QGrt5I8I+HCwE15u5JtWgus2PAJGX/9Myw==\n",
            "public_key_pem": "-----BEGIN PUBLIC KEY-----\nMIICIjANBgkqhkiG9w0BAQEFAAOCAg8AMIICCgKCAgEAsHrl/QjlfBGHa2yypxRR\n+H9oAauTWGx0CmvRi0EW955Jj0HKdYqnpOTZer4oJg5bqUE1pNkddCjD2/4Uzsfr\nG43NBO1GoP4dp0umvEgNFK0bY//gP/mUvxmUSiK/6LOzzENeDKZ8REik8ZREwodB\n0YxBc0DjtdM90rQyF9Azsk2fuR7rissKYz7kj1aSFN8/cTDLsek+xlQxUKfRTlET\nhFqUOeVYN1yl4KSAM5jKEn3fRs632N21MuuWup8E8niho0Dp4nm1agFgFOP111K2\n0PC2MEGrmxx4zWJrvFpTu1QHYdTcoRWnTbUYAhfPSiKmSShn9s7rXD2Pli5eDkri\nQsYP/E99flvjBi8AKfJtErei2xMMtALglRfq0fFUe6xLCgUr2+m/kJSqCHYHHAMz\nBGpyl9LNGbTnlEvR2jkf05qjlOvhplxu4N1x5WTdpk5ZW8lPsdpfoM0y+QOtX6Wd\nWCDXYlBkXUSv8U+AWnz9tdlilOOFpA/Q3eeiJ0SCqQhTYswZcEFzEbBjha/GYI1i\n8TDbd+5oWQBwT+enLzjYyYPS+ieX2Razb7JDzsev8vDRXrHV/zK3P5fwxrN/1xa2\nwnib6EPQv874R0A7USTycMzk6A/Y+3Ia1Sc7SSi/xL9RE980YBW++EBq7eSPCPhw\nsBNebuSbVoLrNjwCRl//TMsCAwEAAQ==\n-----END PUBLIC KEY-----\n",
            "rsa_bits": 4096
          },
          "sensitive_attributes": []
        }
      ]
    },
    {
      "module": "module.tfstateremote",
      "mode": "managed",
      "type": "azurerm_resource_group",
      "name": "tfstatebonus",
      "provider": "provider[\"registry.terraform.io/hashicorp/azurerm\"]",
      "instances": [
        {
          "schema_version": 0,
          "attributes": {
            "id": "/subscriptions/8659e423-a7ae-4e8f-9d43-3f63027b6e19/resourceGroups/tfstatebonus",
            "location": "centralindia",
            "name": "tfstatebonus",
            "tags": null,
            "timeouts": null
          },
          "sensitive_attributes": [],
          "private": "eyJlMmJmYjczMC1lY2FhLTExZTYtOGY4OC0zNDM2M2JjN2M0YzAiOnsiY3JlYXRlIjo1NDAwMDAwMDAwMDAwLCJkZWxldGUiOjU0MDAwMDAwMDAwMDAsInJlYWQiOjMwMDAwMDAwMDAwMCwidXBkYXRlIjo1NDAwMDAwMDAwMDAwfX0="
        }
      ]
    },
    {
      "module": "module.tfstateremote",
      "mode": "managed",
      "type": "azurerm_storage_account",
      "name": "tfstatebonus",
      "provider": "provider[\"registry.terraform.io/hashicorp/azurerm\"]",
      "instances": [
        {
          "schema_version": 2,
          "attributes": {
            "access_tier": "Hot",
            "account_kind": "StorageV2",
            "account_replication_type": "LRS",
            "account_tier": "Standard",
            "allow_blob_public_access": true,
            "azure_files_authentication": [],
            "blob_properties": [
              {
                "change_feed_enabled": false,
                "container_delete_retention_policy": [],
                "cors_rule": [],
                "default_service_version": "",
                "delete_retention_policy": [],
                "last_access_time_enabled": false,
                "versioning_enabled": false
              }
            ],
            "custom_domain": [],
            "customer_managed_key": [],
            "enable_https_traffic_only": true,
            "id": "/subscriptions/8659e423-a7ae-4e8f-9d43-3f63027b6e19/resourceGroups/tfstatebonus/providers/Microsoft.Storage/storageAccounts/tfstatebonus1l1gc",
            "identity": [],
            "infrastructure_encryption_enabled": false,
            "is_hns_enabled": false,
            "large_file_share_enabled": null,
            "location": "centralindia",
            "min_tls_version": "TLS1_0",
            "name": "tfstatebonus1l1gc",
            "network_rules": [
              {
                "bypass": [
                  "AzureServices"
                ],
                "default_action": "Allow",
                "ip_rules": [],
                "private_link_access": [],
                "virtual_network_subnet_ids": []
              }
            ],
            "nfsv3_enabled": false,
            "primary_access_key": "vdRiABFRD2sgpGSMztsgvL7XhrCeTnaNr+eEuzgStxwb10nyofWZM1MltYA0vKBzs2VvT4wnh3hV+AStWLvtDQ==",
            "primary_blob_connection_string": "DefaultEndpointsProtocol=https;BlobEndpoint=https://tfstatebonus1l1gc.blob.core.windows.net/;AccountName=tfstatebonus1l1gc;AccountKey=vdRiABFRD2sgpGSMztsgvL7XhrCeTnaNr+eEuzgStxwb10nyofWZM1MltYA0vKBzs2VvT4wnh3hV+AStWLvtDQ==",
            "primary_blob_endpoint": "https://tfstatebonus1l1gc.blob.core.windows.net/",
            "primary_blob_host": "tfstatebonus1l1gc.blob.core.windows.net",
            "primary_connection_string": "DefaultEndpointsProtocol=https;AccountName=tfstatebonus1l1gc;AccountKey=vdRiABFRD2sgpGSMztsgvL7XhrCeTnaNr+eEuzgStxwb10nyofWZM1MltYA0vKBzs2VvT4wnh3hV+AStWLvtDQ==;EndpointSuffix=core.windows.net",
            "primary_dfs_endpoint": "https://tfstatebonus1l1gc.dfs.core.windows.net/",
            "primary_dfs_host": "tfstatebonus1l1gc.dfs.core.windows.net",
            "primary_file_endpoint": "https://tfstatebonus1l1gc.file.core.windows.net/",
            "primary_file_host": "tfstatebonus1l1gc.file.core.windows.net",
            "primary_location": "centralindia",
            "primary_queue_endpoint": "https://tfstatebonus1l1gc.queue.core.windows.net/",
            "primary_queue_host": "tfstatebonus1l1gc.queue.core.windows.net",
            "primary_table_endpoint": "https://tfstatebonus1l1gc.table.core.windows.net/",
            "primary_table_host": "tfstatebonus1l1gc.table.core.windows.net",
            "primary_web_endpoint": "https://tfstatebonus1l1gc.z29.web.core.windows.net/",
            "primary_web_host": "tfstatebonus1l1gc.z29.web.core.windows.net",
            "queue_encryption_key_type": "Service",
            "queue_properties": [
              {
                "cors_rule": [],
                "hour_metrics": [
                  {
                    "enabled": true,
                    "include_apis": true,
                    "retention_policy_days": 7,
                    "version": "1.0"
                  }
                ],
                "logging": [
                  {
                    "delete": false,
                    "read": false,
                    "retention_policy_days": 0,
                    "version": "1.0",
                    "write": false
                  }
                ],
                "minute_metrics": [
                  {
                    "enabled": false,
                    "include_apis": false,
                    "retention_policy_days": 0,
                    "version": "1.0"
                  }
                ]
              }
            ],
            "resource_group_name": "tfstatebonus",
            "routing": [],
            "secondary_access_key": "yKtaLjVqNFdFazzSWvM9Yojbpx9PzrrFGmSmttNl9KhMgErvb0EdO2LPd7k2UfNFZ9HKYsjJyGiV+AStGq/O0Q==",
            "secondary_blob_connection_string": "",
            "secondary_blob_endpoint": null,
            "secondary_blob_host": null,
            "secondary_connection_string": "DefaultEndpointsProtocol=https;AccountName=tfstatebonus1l1gc;AccountKey=yKtaLjVqNFdFazzSWvM9Yojbpx9PzrrFGmSmttNl9KhMgErvb0EdO2LPd7k2UfNFZ9HKYsjJyGiV+AStGq/O0Q==;EndpointSuffix=core.windows.net",
            "secondary_dfs_endpoint": null,
            "secondary_dfs_host": null,
            "secondary_file_endpoint": null,
            "secondary_file_host": null,
            "secondary_location": "",
            "secondary_queue_endpoint": null,
            "secondary_queue_host": null,
            "secondary_table_endpoint": null,
            "secondary_table_host": null,
            "secondary_web_endpoint": null,
            "secondary_web_host": null,
            "share_properties": [
              {
                "cors_rule": [],
                "retention_policy": [
                  {
                    "days": 7
                  }
                ],
                "smb": []
              }
            ],
            "shared_access_key_enabled": true,
            "static_website": [],
            "table_encryption_key_type": "Service",
            "tags": {
              "environment": "staging"
            },
            "timeouts": null
          },
          "sensitive_attributes": [],
          "private": "eyJlMmJmYjczMC1lY2FhLTExZTYtOGY4OC0zNDM2M2JjN2M0YzAiOnsiY3JlYXRlIjozNjAwMDAwMDAwMDAwLCJkZWxldGUiOjM2MDAwMDAwMDAwMDAsInJlYWQiOjMwMDAwMDAwMDAwMCwidXBkYXRlIjozNjAwMDAwMDAwMDAwfSwic2NoZW1hX3ZlcnNpb24iOiIyIn0=",
          "dependencies": [
            "module.tfstateremote.azurerm_resource_group.tfstatebonus",
            "module.tfstateremote.random_string.resource_code"
          ]
        }
      ]
    },
    {
      "module": "module.tfstateremote",
      "mode": "managed",
      "type": "azurerm_storage_container",
      "name": "tfstatebonus",
      "provider": "provider[\"registry.terraform.io/hashicorp/azurerm\"]",
      "instances": [
        {
          "schema_version": 1,
          "attributes": {
            "container_access_type": "blob",
            "has_immutability_policy": false,
            "has_legal_hold": false,
            "id": "https://tfstatebonus1l1gc.blob.core.windows.net/tfstatebonus",
            "metadata": {},
            "name": "tfstatebonus",
            "resource_manager_id": "/subscriptions/8659e423-a7ae-4e8f-9d43-3f63027b6e19/resourceGroups/tfstatebonus/providers/Microsoft.Storage/storageAccounts/tfstatebonus1l1gc/blobServices/default/containers/tfstatebonus",
            "storage_account_name": "tfstatebonus1l1gc",
            "timeouts": null
          },
          "sensitive_attributes": [],
          "private": "eyJlMmJmYjczMC1lY2FhLTExZTYtOGY4OC0zNDM2M2JjN2M0YzAiOnsiY3JlYXRlIjoxODAwMDAwMDAwMDAwLCJkZWxldGUiOjE4MDAwMDAwMDAwMDAsInJlYWQiOjMwMDAwMDAwMDAwMCwidXBkYXRlIjoxODAwMDAwMDAwMDAwfSwic2NoZW1hX3ZlcnNpb24iOiIxIn0=",
          "dependencies": [
            "module.tfstateremote.azurerm_resource_group.tfstatebonus",
            "module.tfstateremote.azurerm_storage_account.tfstatebonus",
            "module.tfstateremote.random_string.resource_code"
          ]
        }
      ]
    },
    {
      "module": "module.tfstateremote",
      "mode": "managed",
      "type": "random_string",
      "name": "resource_code",
      "provider": "provider[\"registry.terraform.io/hashicorp/random\"]",
      "instances": [
        {
          "schema_version": 2,
          "attributes": {
            "id": "1l1gc",
            "keepers": null,
            "length": 5,
            "lower": true,
            "min_lower": 0,
            "min_numeric": 0,
            "min_special": 0,
            "min_upper": 0,
            "number": true,
            "numeric": true,
            "override_special": null,
            "result": "1l1gc",
            "special": false,
            "upper": false
          },
          "sensitive_attributes": []
        }
      ]
    }
  ],
  "check_results": []
}
